<?xml version="1.0" encoding="UTF-8"?>
<CodeBlocks_project_file>
	<FileVersion major="1" minor="6"/>
	<Project>
		<Option title="PointCloudSolvers"/>
		<Option makefile_is_custom="1"/>
		<Option compiler="gcc"/>
		<Option virtualFolders="CMake Files\;CMake Files\Libs\;CMake Files\Libs\PointCloud\;CMake Files\Libs\PointCloud\evaluators\;CMake Files\Libs\PointCloud\solvers\;CMake Files\Libs\Mesh\;CMake Files\Libs\Image\;CMake Files\Libs\Alignment\;CMake Files\Libs\Analyze\;CMake Files\Libs\Optimize\;CMake Files\Libs\Utils\;CMake Files\Libs\Particles\;CMake Files\CMake\;CMake Files\dependencies\;CMake Files\dependencies\install\;CMake Files\dependencies\install\lib\;CMake Files\dependencies\install\lib\cmake\;CMake Files\dependencies\install\lib\cmake\vtk-8.2\;CMake Files\dependencies\install\lib\cmake\vtk-8.2\Modules\;CMake Files\dependencies\install\lib\cmake\ITK-5.0\;CMake Files\dependencies\install\lib\cmake\ITK-5.0\Modules\;CMake Files\dependencies\install\share\;CMake Files\dependencies\install\share\vxl\;CMake Files\dependencies\install\share\vxl\cmake\;CMake Files\dependencies\build\;CMake Files\dependencies\build\eigen\;CMake Files\dependencies\build\eigen\build\;CMake Files\..\;CMake Files\..\..\;CMake Files\..\..\Software\;CMake Files\..\..\Software\Qt5.9.9\;CMake Files\..\..\Software\Qt5.9.9\5.9.9\;CMake Files\..\..\Software\Qt5.9.9\5.9.9\gcc_64\;CMake Files\..\..\Software\Qt5.9.9\5.9.9\gcc_64\lib\;CMake Files\..\..\Software\Qt5.9.9\5.9.9\gcc_64\lib\cmake\;CMake Files\..\..\Software\Qt5.9.9\5.9.9\gcc_64\lib\cmake\Qt5\;CMake Files\..\..\Software\Qt5.9.9\5.9.9\gcc_64\lib\cmake\Qt5Widgets\;CMake Files\..\..\Software\Qt5.9.9\5.9.9\gcc_64\lib\cmake\Qt5Gui\;CMake Files\..\..\Software\Qt5.9.9\5.9.9\gcc_64\lib\cmake\Qt5Core\;CMake Files\..\..\Software\Qt5.9.9\5.9.9\gcc_64\lib\cmake\Qt5Sql\;CMake Files\ExternalLibs\;CMake Files\ExternalLibs\tinyxml\;CMake Files\ExternalLibs\trimesh2\;CMake Files\Applications\;CMake Files\Applications\shapeworks\;CMake Files\Testing\;CMake Files\Testing\ImageTests\;CMake Files\Testing\MeshTests\;CMake Files\Testing\OptimizeTests\;CMake Files\Testing\PythonTests\;CMake Files\Testing\ParticlesTests\;CMake Files\Testing\PointCloudTests\;"/>
		<Build>
			<Target title="all">
				<Option working_dir="/home/hxu/Documents/ShapeWorks/exe_build/Libs/PointCloud/solvers"/>
				<Option type="4"/>
				<MakeCommands>
					<Build command="/usr/bin/make -f &quot;/home/hxu/Documents/ShapeWorks/exe_build/Libs/PointCloud/solvers/Makefile&quot;  VERBOSE=1 all"/>
					<CompileFile command="/usr/bin/make -f &quot;/home/hxu/Documents/ShapeWorks/exe_build/Libs/PointCloud/solvers/Makefile&quot;  VERBOSE=1 &quot;$file&quot;"/>
					<Clean command="/usr/bin/make -f &quot;/home/hxu/Documents/ShapeWorks/exe_build/Libs/PointCloud/solvers/Makefile&quot;  VERBOSE=1 clean"/>
					<DistClean command="/usr/bin/make -f &quot;/home/hxu/Documents/ShapeWorks/exe_build/Libs/PointCloud/solvers/Makefile&quot;  VERBOSE=1 clean"/>
				</MakeCommands>
			</Target>
			<Target title="PointCloudSolvers">
				<Option output="/home/hxu/Documents/ShapeWorks/exe_build/Libs/PointCloud/solvers/libPointCloudSolvers.so" prefix_auto="0" extension_auto="0"/>
				<Option working_dir="/home/hxu/Documents/ShapeWorks/exe_build/Libs/PointCloud/solvers"/>
				<Option object_output="./"/>
				<Option type="3"/>
				<Option compiler="gcc"/>
				<Compiler>
					<Add option="-DvtkDomainsChemistry_AUTOINIT=1(vtkDomainsChemistryOpenGL2)"/>
					<Add option="-DvtkIOExport_AUTOINIT=2(vtkIOExportOpenGL2,vtkIOExportPDF)"/>
					<Add option="-DvtkRenderingContext2D_AUTOINIT=1(vtkRenderingContextOpenGL2)"/>
					<Add option="-DvtkRenderingCore_AUTOINIT=3(vtkInteractionStyle,vtkRenderingFreeType,vtkRenderingOpenGL2)"/>
					<Add option="-DvtkRenderingOpenGL2_AUTOINIT=1(vtkRenderingGL2PSOpenGL2)"/>
					<Add option="-DvtkRenderingVolume_AUTOINIT=1(vtkRenderingVolumeOpenGL2)"/>
					<Add option="-DITK_IO_FACTORY_REGISTER_MANAGER"/>
					<Add option="-DSW_USE_OPENMP"/>
					<Add option="-DDEBUG_CONSOLIDATION=0"/>
					<Add directory="/home/hxu/Documents/ShapeWorks/exe_build/ITKFactoryRegistration"/>
					<Add directory="/home/hxu/Documents/ShapeWorks/dependencies/install/include/vtk-8.2"/>
					<Add directory="/home/hxu/Documents/ShapeWorks/dependencies/install/include/vxl/v3p/netlib"/>
					<Add directory="/home/hxu/Documents/ShapeWorks/dependencies/install/include/ITK-5.0"/>
					<Add directory="/home/hxu/Documents/ShapeWorks"/>
					<Add directory="/home/hxu/Documents/ShapeWorks/Libs/Common"/>
					<Add directory="/home/hxu/Documents/ShapeWorks/ExternalLibs/optparse"/>
					<Add directory="/home/hxu/Documents/ShapeWorks/Libs/PointCloud/solvers/."/>
					<Add directory="/home/hxu/Documents/ShapeWorks/Libs/PointCloud/solvers/.."/>
					<Add directory="/home/hxu/Documents/ShapeWorks/dependencies/install/include/vxl/core"/>
					<Add directory="/home/hxu/Documents/ShapeWorks/dependencies/install/include/vxl/vcl"/>
					<Add directory="/home/hxu/Documents/ShapeWorks/dependencies/build/eigen"/>
				</Compiler>
				<MakeCommands>
					<Build command="/usr/bin/make -f &quot;/home/hxu/Documents/ShapeWorks/exe_build/Libs/PointCloud/solvers/Makefile&quot;  VERBOSE=1 PointCloudSolvers"/>
					<CompileFile command="/usr/bin/make -f &quot;/home/hxu/Documents/ShapeWorks/exe_build/Libs/PointCloud/solvers/Makefile&quot;  VERBOSE=1 &quot;$file&quot;"/>
					<Clean command="/usr/bin/make -f &quot;/home/hxu/Documents/ShapeWorks/exe_build/Libs/PointCloud/solvers/Makefile&quot;  VERBOSE=1 clean"/>
					<DistClean command="/usr/bin/make -f &quot;/home/hxu/Documents/ShapeWorks/exe_build/Libs/PointCloud/solvers/Makefile&quot;  VERBOSE=1 clean"/>
				</MakeCommands>
			</Target>
			<Target title="PointCloudSolvers/fast">
				<Option output="/home/hxu/Documents/ShapeWorks/exe_build/Libs/PointCloud/solvers/libPointCloudSolvers.so" prefix_auto="0" extension_auto="0"/>
				<Option working_dir="/home/hxu/Documents/ShapeWorks/exe_build/Libs/PointCloud/solvers"/>
				<Option object_output="./"/>
				<Option type="3"/>
				<Option compiler="gcc"/>
				<Compiler>
					<Add option="-DvtkDomainsChemistry_AUTOINIT=1(vtkDomainsChemistryOpenGL2)"/>
					<Add option="-DvtkIOExport_AUTOINIT=2(vtkIOExportOpenGL2,vtkIOExportPDF)"/>
					<Add option="-DvtkRenderingContext2D_AUTOINIT=1(vtkRenderingContextOpenGL2)"/>
					<Add option="-DvtkRenderingCore_AUTOINIT=3(vtkInteractionStyle,vtkRenderingFreeType,vtkRenderingOpenGL2)"/>
					<Add option="-DvtkRenderingOpenGL2_AUTOINIT=1(vtkRenderingGL2PSOpenGL2)"/>
					<Add option="-DvtkRenderingVolume_AUTOINIT=1(vtkRenderingVolumeOpenGL2)"/>
					<Add option="-DITK_IO_FACTORY_REGISTER_MANAGER"/>
					<Add option="-DSW_USE_OPENMP"/>
					<Add option="-DDEBUG_CONSOLIDATION=0"/>
					<Add directory="/home/hxu/Documents/ShapeWorks/exe_build/ITKFactoryRegistration"/>
					<Add directory="/home/hxu/Documents/ShapeWorks/dependencies/install/include/vtk-8.2"/>
					<Add directory="/home/hxu/Documents/ShapeWorks/dependencies/install/include/vxl/v3p/netlib"/>
					<Add directory="/home/hxu/Documents/ShapeWorks/dependencies/install/include/ITK-5.0"/>
					<Add directory="/home/hxu/Documents/ShapeWorks"/>
					<Add directory="/home/hxu/Documents/ShapeWorks/Libs/Common"/>
					<Add directory="/home/hxu/Documents/ShapeWorks/ExternalLibs/optparse"/>
					<Add directory="/home/hxu/Documents/ShapeWorks/Libs/PointCloud/solvers/."/>
					<Add directory="/home/hxu/Documents/ShapeWorks/Libs/PointCloud/solvers/.."/>
					<Add directory="/home/hxu/Documents/ShapeWorks/dependencies/install/include/vxl/core"/>
					<Add directory="/home/hxu/Documents/ShapeWorks/dependencies/install/include/vxl/vcl"/>
					<Add directory="/home/hxu/Documents/ShapeWorks/dependencies/build/eigen"/>
				</Compiler>
				<MakeCommands>
					<Build command="/usr/bin/make -f &quot;/home/hxu/Documents/ShapeWorks/exe_build/Libs/PointCloud/solvers/Makefile&quot;  VERBOSE=1 PointCloudSolvers/fast"/>
					<CompileFile command="/usr/bin/make -f &quot;/home/hxu/Documents/ShapeWorks/exe_build/Libs/PointCloud/solvers/Makefile&quot;  VERBOSE=1 &quot;$file&quot;"/>
					<Clean command="/usr/bin/make -f &quot;/home/hxu/Documents/ShapeWorks/exe_build/Libs/PointCloud/solvers/Makefile&quot;  VERBOSE=1 clean"/>
					<DistClean command="/usr/bin/make -f &quot;/home/hxu/Documents/ShapeWorks/exe_build/Libs/PointCloud/solvers/Makefile&quot;  VERBOSE=1 clean"/>
				</MakeCommands>
			</Target>
		</Build>
		<Unit filename="/home/hxu/Documents/ShapeWorks/Libs/PointCloud/solvers/EigenRBFSolver.cpp">
			<Option target="PointCloudSolvers"/>
		</Unit>
		<Unit filename="/home/hxu/Documents/ShapeWorks/Libs/PointCloud/solvers/EigenRBFSolver.h">
			<Option target="PointCloudSolvers"/>
		</Unit>
		<Unit filename="/home/hxu/Documents/ShapeWorks/CMakeLists.txt">
			<Option virtualFolder="CMake Files\"/>
		</Unit>
		<Unit filename="/home/hxu/Documents/ShapeWorks/Libs/CMakeLists.txt">
			<Option virtualFolder="CMake Files\Libs\"/>
		</Unit>
		<Unit filename="/home/hxu/Documents/ShapeWorks/Libs/PointCloud/CMakeLists.txt">
			<Option virtualFolder="CMake Files\Libs\PointCloud\"/>
		</Unit>
		<Unit filename="/home/hxu/Documents/ShapeWorks/Libs/PointCloud/evaluators/CMakeLists.txt">
			<Option virtualFolder="CMake Files\Libs\PointCloud\evaluators\"/>
		</Unit>
		<Unit filename="/home/hxu/Documents/ShapeWorks/Libs/PointCloud/solvers/CMakeLists.txt">
			<Option virtualFolder="CMake Files\Libs\PointCloud\solvers\"/>
		</Unit>
		<Unit filename="/home/hxu/Documents/ShapeWorks/Libs/Mesh/CMakeLists.txt">
			<Option virtualFolder="CMake Files\Libs\Mesh\"/>
		</Unit>
		<Unit filename="/home/hxu/Documents/ShapeWorks/Libs/Image/CMakeLists.txt">
			<Option virtualFolder="CMake Files\Libs\Image\"/>
		</Unit>
		<Unit filename="/home/hxu/Documents/ShapeWorks/Libs/Alignment/CMakeLists.txt">
			<Option virtualFolder="CMake Files\Libs\Alignment\"/>
		</Unit>
		<Unit filename="/home/hxu/Documents/ShapeWorks/Libs/Analyze/CMakeLists.txt">
			<Option virtualFolder="CMake Files\Libs\Analyze\"/>
		</Unit>
		<Unit filename="/home/hxu/Documents/ShapeWorks/Libs/Optimize/CMakeLists.txt">
			<Option virtualFolder="CMake Files\Libs\Optimize\"/>
		</Unit>
		<Unit filename="/home/hxu/Documents/ShapeWorks/Libs/Utils/CMakeLists.txt">
			<Option virtualFolder="CMake Files\Libs\Utils\"/>
		</Unit>
		<Unit filename="/home/hxu/Documents/ShapeWorks/Libs/Particles/CMakeLists.txt">
			<Option virtualFolder="CMake Files\Libs\Particles\"/>
		</Unit>
		<Unit filename="/home/hxu/Documents/ShapeWorks/CMake/DefaultBuildType.cmake">
			<Option virtualFolder="CMake Files\CMake\"/>
		</Unit>
		<Unit filename="/home/hxu/Documents/ShapeWorks/dependencies/install/lib/cmake/vtk-8.2/UseVTK.cmake">
			<Option virtualFolder="CMake Files\dependencies\install\lib\cmake\vtk-8.2\"/>
		</Unit>
		<Unit filename="/home/hxu/Documents/ShapeWorks/dependencies/install/lib/cmake/vtk-8.2/VTKConfig.cmake">
			<Option virtualFolder="CMake Files\dependencies\install\lib\cmake\vtk-8.2\"/>
		</Unit>
		<Unit filename="/home/hxu/Documents/ShapeWorks/dependencies/install/lib/cmake/vtk-8.2/VTKConfigVersion.cmake">
			<Option virtualFolder="CMake Files\dependencies\install\lib\cmake\vtk-8.2\"/>
		</Unit>
		<Unit filename="/home/hxu/Documents/ShapeWorks/dependencies/install/lib/cmake/vtk-8.2/VTKTargets-release.cmake">
			<Option virtualFolder="CMake Files\dependencies\install\lib\cmake\vtk-8.2\"/>
		</Unit>
		<Unit filename="/home/hxu/Documents/ShapeWorks/dependencies/install/lib/cmake/vtk-8.2/VTKTargets.cmake">
			<Option virtualFolder="CMake Files\dependencies\install\lib\cmake\vtk-8.2\"/>
		</Unit>
		<Unit filename="/home/hxu/Documents/ShapeWorks/dependencies/install/lib/cmake/vtk-8.2/vtkModuleAPI.cmake">
			<Option virtualFolder="CMake Files\dependencies\install\lib\cmake\vtk-8.2\"/>
		</Unit>
		<Unit filename="/home/hxu/Documents/ShapeWorks/dependencies/install/lib/cmake/vtk-8.2/Modules/vtkChartsCore.cmake">
			<Option virtualFolder="CMake Files\dependencies\install\lib\cmake\vtk-8.2\Modules\"/>
		</Unit>
		<Unit filename="/home/hxu/Documents/ShapeWorks/dependencies/install/lib/cmake/vtk-8.2/Modules/vtkCommonColor.cmake">
			<Option virtualFolder="CMake Files\dependencies\install\lib\cmake\vtk-8.2\Modules\"/>
		</Unit>
		<Unit filename="/home/hxu/Documents/ShapeWorks/dependencies/install/lib/cmake/vtk-8.2/Modules/vtkCommonComputationalGeometry.cmake">
			<Option virtualFolder="CMake Files\dependencies\install\lib\cmake\vtk-8.2\Modules\"/>
		</Unit>
		<Unit filename="/home/hxu/Documents/ShapeWorks/dependencies/install/lib/cmake/vtk-8.2/Modules/vtkCommonCore.cmake">
			<Option virtualFolder="CMake Files\dependencies\install\lib\cmake\vtk-8.2\Modules\"/>
		</Unit>
		<Unit filename="/home/hxu/Documents/ShapeWorks/dependencies/install/lib/cmake/vtk-8.2/Modules/vtkCommonDataModel.cmake">
			<Option virtualFolder="CMake Files\dependencies\install\lib\cmake\vtk-8.2\Modules\"/>
		</Unit>
		<Unit filename="/home/hxu/Documents/ShapeWorks/dependencies/install/lib/cmake/vtk-8.2/Modules/vtkCommonExecutionModel.cmake">
			<Option virtualFolder="CMake Files\dependencies\install\lib\cmake\vtk-8.2\Modules\"/>
		</Unit>
		<Unit filename="/home/hxu/Documents/ShapeWorks/dependencies/install/lib/cmake/vtk-8.2/Modules/vtkCommonMath.cmake">
			<Option virtualFolder="CMake Files\dependencies\install\lib\cmake\vtk-8.2\Modules\"/>
		</Unit>
		<Unit filename="/home/hxu/Documents/ShapeWorks/dependencies/install/lib/cmake/vtk-8.2/Modules/vtkCommonMisc.cmake">
			<Option virtualFolder="CMake Files\dependencies\install\lib\cmake\vtk-8.2\Modules\"/>
		</Unit>
		<Unit filename="/home/hxu/Documents/ShapeWorks/dependencies/install/lib/cmake/vtk-8.2/Modules/vtkCommonSystem.cmake">
			<Option virtualFolder="CMake Files\dependencies\install\lib\cmake\vtk-8.2\Modules\"/>
		</Unit>
		<Unit filename="/home/hxu/Documents/ShapeWorks/dependencies/install/lib/cmake/vtk-8.2/Modules/vtkCommonTransforms.cmake">
			<Option virtualFolder="CMake Files\dependencies\install\lib\cmake\vtk-8.2\Modules\"/>
		</Unit>
		<Unit filename="/home/hxu/Documents/ShapeWorks/dependencies/install/lib/cmake/vtk-8.2/Modules/vtkDICOMParser.cmake">
			<Option virtualFolder="CMake Files\dependencies\install\lib\cmake\vtk-8.2\Modules\"/>
		</Unit>
		<Unit filename="/home/hxu/Documents/ShapeWorks/dependencies/install/lib/cmake/vtk-8.2/Modules/vtkDomainsChemistry.cmake">
			<Option virtualFolder="CMake Files\dependencies\install\lib\cmake\vtk-8.2\Modules\"/>
		</Unit>
		<Unit filename="/home/hxu/Documents/ShapeWorks/dependencies/install/lib/cmake/vtk-8.2/Modules/vtkDomainsChemistryOpenGL2.cmake">
			<Option virtualFolder="CMake Files\dependencies\install\lib\cmake\vtk-8.2\Modules\"/>
		</Unit>
		<Unit filename="/home/hxu/Documents/ShapeWorks/dependencies/install/lib/cmake/vtk-8.2/Modules/vtkFiltersAMR.cmake">
			<Option virtualFolder="CMake Files\dependencies\install\lib\cmake\vtk-8.2\Modules\"/>
		</Unit>
		<Unit filename="/home/hxu/Documents/ShapeWorks/dependencies/install/lib/cmake/vtk-8.2/Modules/vtkFiltersCore.cmake">
			<Option virtualFolder="CMake Files\dependencies\install\lib\cmake\vtk-8.2\Modules\"/>
		</Unit>
		<Unit filename="/home/hxu/Documents/ShapeWorks/dependencies/install/lib/cmake/vtk-8.2/Modules/vtkFiltersExtraction.cmake">
			<Option virtualFolder="CMake Files\dependencies\install\lib\cmake\vtk-8.2\Modules\"/>
		</Unit>
		<Unit filename="/home/hxu/Documents/ShapeWorks/dependencies/install/lib/cmake/vtk-8.2/Modules/vtkFiltersFlowPaths.cmake">
			<Option virtualFolder="CMake Files\dependencies\install\lib\cmake\vtk-8.2\Modules\"/>
		</Unit>
		<Unit filename="/home/hxu/Documents/ShapeWorks/dependencies/install/lib/cmake/vtk-8.2/Modules/vtkFiltersGeneral.cmake">
			<Option virtualFolder="CMake Files\dependencies\install\lib\cmake\vtk-8.2\Modules\"/>
		</Unit>
		<Unit filename="/home/hxu/Documents/ShapeWorks/dependencies/install/lib/cmake/vtk-8.2/Modules/vtkFiltersGeneric.cmake">
			<Option virtualFolder="CMake Files\dependencies\install\lib\cmake\vtk-8.2\Modules\"/>
		</Unit>
		<Unit filename="/home/hxu/Documents/ShapeWorks/dependencies/install/lib/cmake/vtk-8.2/Modules/vtkFiltersGeometry.cmake">
			<Option virtualFolder="CMake Files\dependencies\install\lib\cmake\vtk-8.2\Modules\"/>
		</Unit>
		<Unit filename="/home/hxu/Documents/ShapeWorks/dependencies/install/lib/cmake/vtk-8.2/Modules/vtkFiltersHybrid.cmake">
			<Option virtualFolder="CMake Files\dependencies\install\lib\cmake\vtk-8.2\Modules\"/>
		</Unit>
		<Unit filename="/home/hxu/Documents/ShapeWorks/dependencies/install/lib/cmake/vtk-8.2/Modules/vtkFiltersHyperTree.cmake">
			<Option virtualFolder="CMake Files\dependencies\install\lib\cmake\vtk-8.2\Modules\"/>
		</Unit>
		<Unit filename="/home/hxu/Documents/ShapeWorks/dependencies/install/lib/cmake/vtk-8.2/Modules/vtkFiltersImaging.cmake">
			<Option virtualFolder="CMake Files\dependencies\install\lib\cmake\vtk-8.2\Modules\"/>
		</Unit>
		<Unit filename="/home/hxu/Documents/ShapeWorks/dependencies/install/lib/cmake/vtk-8.2/Modules/vtkFiltersModeling.cmake">
			<Option virtualFolder="CMake Files\dependencies\install\lib\cmake\vtk-8.2\Modules\"/>
		</Unit>
		<Unit filename="/home/hxu/Documents/ShapeWorks/dependencies/install/lib/cmake/vtk-8.2/Modules/vtkFiltersParallel.cmake">
			<Option virtualFolder="CMake Files\dependencies\install\lib\cmake\vtk-8.2\Modules\"/>
		</Unit>
		<Unit filename="/home/hxu/Documents/ShapeWorks/dependencies/install/lib/cmake/vtk-8.2/Modules/vtkFiltersParallelImaging.cmake">
			<Option virtualFolder="CMake Files\dependencies\install\lib\cmake\vtk-8.2\Modules\"/>
		</Unit>
		<Unit filename="/home/hxu/Documents/ShapeWorks/dependencies/install/lib/cmake/vtk-8.2/Modules/vtkFiltersPoints.cmake">
			<Option virtualFolder="CMake Files\dependencies\install\lib\cmake\vtk-8.2\Modules\"/>
		</Unit>
		<Unit filename="/home/hxu/Documents/ShapeWorks/dependencies/install/lib/cmake/vtk-8.2/Modules/vtkFiltersProgrammable.cmake">
			<Option virtualFolder="CMake Files\dependencies\install\lib\cmake\vtk-8.2\Modules\"/>
		</Unit>
		<Unit filename="/home/hxu/Documents/ShapeWorks/dependencies/install/lib/cmake/vtk-8.2/Modules/vtkFiltersSMP.cmake">
			<Option virtualFolder="CMake Files\dependencies\install\lib\cmake\vtk-8.2\Modules\"/>
		</Unit>
		<Unit filename="/home/hxu/Documents/ShapeWorks/dependencies/install/lib/cmake/vtk-8.2/Modules/vtkFiltersSelection.cmake">
			<Option virtualFolder="CMake Files\dependencies\install\lib\cmake\vtk-8.2\Modules\"/>
		</Unit>
		<Unit filename="/home/hxu/Documents/ShapeWorks/dependencies/install/lib/cmake/vtk-8.2/Modules/vtkFiltersSources.cmake">
			<Option virtualFolder="CMake Files\dependencies\install\lib\cmake\vtk-8.2\Modules\"/>
		</Unit>
		<Unit filename="/home/hxu/Documents/ShapeWorks/dependencies/install/lib/cmake/vtk-8.2/Modules/vtkFiltersStatistics.cmake">
			<Option virtualFolder="CMake Files\dependencies\install\lib\cmake\vtk-8.2\Modules\"/>
		</Unit>
		<Unit filename="/home/hxu/Documents/ShapeWorks/dependencies/install/lib/cmake/vtk-8.2/Modules/vtkFiltersTexture.cmake">
			<Option virtualFolder="CMake Files\dependencies\install\lib\cmake\vtk-8.2\Modules\"/>
		</Unit>
		<Unit filename="/home/hxu/Documents/ShapeWorks/dependencies/install/lib/cmake/vtk-8.2/Modules/vtkFiltersTopology.cmake">
			<Option virtualFolder="CMake Files\dependencies\install\lib\cmake\vtk-8.2\Modules\"/>
		</Unit>
		<Unit filename="/home/hxu/Documents/ShapeWorks/dependencies/install/lib/cmake/vtk-8.2/Modules/vtkFiltersVerdict.cmake">
			<Option virtualFolder="CMake Files\dependencies\install\lib\cmake\vtk-8.2\Modules\"/>
		</Unit>
		<Unit filename="/home/hxu/Documents/ShapeWorks/dependencies/install/lib/cmake/vtk-8.2/Modules/vtkGUISupportQt.cmake">
			<Option virtualFolder="CMake Files\dependencies\install\lib\cmake\vtk-8.2\Modules\"/>
		</Unit>
		<Unit filename="/home/hxu/Documents/ShapeWorks/dependencies/install/lib/cmake/vtk-8.2/Modules/vtkGUISupportQtSQL.cmake">
			<Option virtualFolder="CMake Files\dependencies\install\lib\cmake\vtk-8.2\Modules\"/>
		</Unit>
		<Unit filename="/home/hxu/Documents/ShapeWorks/dependencies/install/lib/cmake/vtk-8.2/Modules/vtkGeovisCore.cmake">
			<Option virtualFolder="CMake Files\dependencies\install\lib\cmake\vtk-8.2\Modules\"/>
		</Unit>
		<Unit filename="/home/hxu/Documents/ShapeWorks/dependencies/install/lib/cmake/vtk-8.2/Modules/vtkIOAMR.cmake">
			<Option virtualFolder="CMake Files\dependencies\install\lib\cmake\vtk-8.2\Modules\"/>
		</Unit>
		<Unit filename="/home/hxu/Documents/ShapeWorks/dependencies/install/lib/cmake/vtk-8.2/Modules/vtkIOAsynchronous.cmake">
			<Option virtualFolder="CMake Files\dependencies\install\lib\cmake\vtk-8.2\Modules\"/>
		</Unit>
		<Unit filename="/home/hxu/Documents/ShapeWorks/dependencies/install/lib/cmake/vtk-8.2/Modules/vtkIOCityGML.cmake">
			<Option virtualFolder="CMake Files\dependencies\install\lib\cmake\vtk-8.2\Modules\"/>
		</Unit>
		<Unit filename="/home/hxu/Documents/ShapeWorks/dependencies/install/lib/cmake/vtk-8.2/Modules/vtkIOCore.cmake">
			<Option virtualFolder="CMake Files\dependencies\install\lib\cmake\vtk-8.2\Modules\"/>
		</Unit>
		<Unit filename="/home/hxu/Documents/ShapeWorks/dependencies/install/lib/cmake/vtk-8.2/Modules/vtkIOEnSight.cmake">
			<Option virtualFolder="CMake Files\dependencies\install\lib\cmake\vtk-8.2\Modules\"/>
		</Unit>
		<Unit filename="/home/hxu/Documents/ShapeWorks/dependencies/install/lib/cmake/vtk-8.2/Modules/vtkIOExodus.cmake">
			<Option virtualFolder="CMake Files\dependencies\install\lib\cmake\vtk-8.2\Modules\"/>
		</Unit>
		<Unit filename="/home/hxu/Documents/ShapeWorks/dependencies/install/lib/cmake/vtk-8.2/Modules/vtkIOExport.cmake">
			<Option virtualFolder="CMake Files\dependencies\install\lib\cmake\vtk-8.2\Modules\"/>
		</Unit>
		<Unit filename="/home/hxu/Documents/ShapeWorks/dependencies/install/lib/cmake/vtk-8.2/Modules/vtkIOExportOpenGL2.cmake">
			<Option virtualFolder="CMake Files\dependencies\install\lib\cmake\vtk-8.2\Modules\"/>
		</Unit>
		<Unit filename="/home/hxu/Documents/ShapeWorks/dependencies/install/lib/cmake/vtk-8.2/Modules/vtkIOExportPDF.cmake">
			<Option virtualFolder="CMake Files\dependencies\install\lib\cmake\vtk-8.2\Modules\"/>
		</Unit>
		<Unit filename="/home/hxu/Documents/ShapeWorks/dependencies/install/lib/cmake/vtk-8.2/Modules/vtkIOGeometry.cmake">
			<Option virtualFolder="CMake Files\dependencies\install\lib\cmake\vtk-8.2\Modules\"/>
		</Unit>
		<Unit filename="/home/hxu/Documents/ShapeWorks/dependencies/install/lib/cmake/vtk-8.2/Modules/vtkIOImage.cmake">
			<Option virtualFolder="CMake Files\dependencies\install\lib\cmake\vtk-8.2\Modules\"/>
		</Unit>
		<Unit filename="/home/hxu/Documents/ShapeWorks/dependencies/install/lib/cmake/vtk-8.2/Modules/vtkIOImport.cmake">
			<Option virtualFolder="CMake Files\dependencies\install\lib\cmake\vtk-8.2\Modules\"/>
		</Unit>
		<Unit filename="/home/hxu/Documents/ShapeWorks/dependencies/install/lib/cmake/vtk-8.2/Modules/vtkIOInfovis.cmake">
			<Option virtualFolder="CMake Files\dependencies\install\lib\cmake\vtk-8.2\Modules\"/>
		</Unit>
		<Unit filename="/home/hxu/Documents/ShapeWorks/dependencies/install/lib/cmake/vtk-8.2/Modules/vtkIOLSDyna.cmake">
			<Option virtualFolder="CMake Files\dependencies\install\lib\cmake\vtk-8.2\Modules\"/>
		</Unit>
		<Unit filename="/home/hxu/Documents/ShapeWorks/dependencies/install/lib/cmake/vtk-8.2/Modules/vtkIOLegacy.cmake">
			<Option virtualFolder="CMake Files\dependencies\install\lib\cmake\vtk-8.2\Modules\"/>
		</Unit>
		<Unit filename="/home/hxu/Documents/ShapeWorks/dependencies/install/lib/cmake/vtk-8.2/Modules/vtkIOMINC.cmake">
			<Option virtualFolder="CMake Files\dependencies\install\lib\cmake\vtk-8.2\Modules\"/>
		</Unit>
		<Unit filename="/home/hxu/Documents/ShapeWorks/dependencies/install/lib/cmake/vtk-8.2/Modules/vtkIOMovie.cmake">
			<Option virtualFolder="CMake Files\dependencies\install\lib\cmake\vtk-8.2\Modules\"/>
		</Unit>
		<Unit filename="/home/hxu/Documents/ShapeWorks/dependencies/install/lib/cmake/vtk-8.2/Modules/vtkIONetCDF.cmake">
			<Option virtualFolder="CMake Files\dependencies\install\lib\cmake\vtk-8.2\Modules\"/>
		</Unit>
		<Unit filename="/home/hxu/Documents/ShapeWorks/dependencies/install/lib/cmake/vtk-8.2/Modules/vtkIOPLY.cmake">
			<Option virtualFolder="CMake Files\dependencies\install\lib\cmake\vtk-8.2\Modules\"/>
		</Unit>
		<Unit filename="/home/hxu/Documents/ShapeWorks/dependencies/install/lib/cmake/vtk-8.2/Modules/vtkIOParallel.cmake">
			<Option virtualFolder="CMake Files\dependencies\install\lib\cmake\vtk-8.2\Modules\"/>
		</Unit>
		<Unit filename="/home/hxu/Documents/ShapeWorks/dependencies/install/lib/cmake/vtk-8.2/Modules/vtkIOParallelXML.cmake">
			<Option virtualFolder="CMake Files\dependencies\install\lib\cmake\vtk-8.2\Modules\"/>
		</Unit>
		<Unit filename="/home/hxu/Documents/ShapeWorks/dependencies/install/lib/cmake/vtk-8.2/Modules/vtkIOSQL.cmake">
			<Option virtualFolder="CMake Files\dependencies\install\lib\cmake\vtk-8.2\Modules\"/>
		</Unit>
		<Unit filename="/home/hxu/Documents/ShapeWorks/dependencies/install/lib/cmake/vtk-8.2/Modules/vtkIOSegY.cmake">
			<Option virtualFolder="CMake Files\dependencies\install\lib\cmake\vtk-8.2\Modules\"/>
		</Unit>
		<Unit filename="/home/hxu/Documents/ShapeWorks/dependencies/install/lib/cmake/vtk-8.2/Modules/vtkIOTecplotTable.cmake">
			<Option virtualFolder="CMake Files\dependencies\install\lib\cmake\vtk-8.2\Modules\"/>
		</Unit>
		<Unit filename="/home/hxu/Documents/ShapeWorks/dependencies/install/lib/cmake/vtk-8.2/Modules/vtkIOVeraOut.cmake">
			<Option virtualFolder="CMake Files\dependencies\install\lib\cmake\vtk-8.2\Modules\"/>
		</Unit>
		<Unit filename="/home/hxu/Documents/ShapeWorks/dependencies/install/lib/cmake/vtk-8.2/Modules/vtkIOVideo.cmake">
			<Option virtualFolder="CMake Files\dependencies\install\lib\cmake\vtk-8.2\Modules\"/>
		</Unit>
		<Unit filename="/home/hxu/Documents/ShapeWorks/dependencies/install/lib/cmake/vtk-8.2/Modules/vtkIOXML.cmake">
			<Option virtualFolder="CMake Files\dependencies\install\lib\cmake\vtk-8.2\Modules\"/>
		</Unit>
		<Unit filename="/home/hxu/Documents/ShapeWorks/dependencies/install/lib/cmake/vtk-8.2/Modules/vtkIOXMLParser.cmake">
			<Option virtualFolder="CMake Files\dependencies\install\lib\cmake\vtk-8.2\Modules\"/>
		</Unit>
		<Unit filename="/home/hxu/Documents/ShapeWorks/dependencies/install/lib/cmake/vtk-8.2/Modules/vtkImagingColor.cmake">
			<Option virtualFolder="CMake Files\dependencies\install\lib\cmake\vtk-8.2\Modules\"/>
		</Unit>
		<Unit filename="/home/hxu/Documents/ShapeWorks/dependencies/install/lib/cmake/vtk-8.2/Modules/vtkImagingCore.cmake">
			<Option virtualFolder="CMake Files\dependencies\install\lib\cmake\vtk-8.2\Modules\"/>
		</Unit>
		<Unit filename="/home/hxu/Documents/ShapeWorks/dependencies/install/lib/cmake/vtk-8.2/Modules/vtkImagingFourier.cmake">
			<Option virtualFolder="CMake Files\dependencies\install\lib\cmake\vtk-8.2\Modules\"/>
		</Unit>
		<Unit filename="/home/hxu/Documents/ShapeWorks/dependencies/install/lib/cmake/vtk-8.2/Modules/vtkImagingGeneral.cmake">
			<Option virtualFolder="CMake Files\dependencies\install\lib\cmake\vtk-8.2\Modules\"/>
		</Unit>
		<Unit filename="/home/hxu/Documents/ShapeWorks/dependencies/install/lib/cmake/vtk-8.2/Modules/vtkImagingHybrid.cmake">
			<Option virtualFolder="CMake Files\dependencies\install\lib\cmake\vtk-8.2\Modules\"/>
		</Unit>
		<Unit filename="/home/hxu/Documents/ShapeWorks/dependencies/install/lib/cmake/vtk-8.2/Modules/vtkImagingMath.cmake">
			<Option virtualFolder="CMake Files\dependencies\install\lib\cmake\vtk-8.2\Modules\"/>
		</Unit>
		<Unit filename="/home/hxu/Documents/ShapeWorks/dependencies/install/lib/cmake/vtk-8.2/Modules/vtkImagingMorphological.cmake">
			<Option virtualFolder="CMake Files\dependencies\install\lib\cmake\vtk-8.2\Modules\"/>
		</Unit>
		<Unit filename="/home/hxu/Documents/ShapeWorks/dependencies/install/lib/cmake/vtk-8.2/Modules/vtkImagingSources.cmake">
			<Option virtualFolder="CMake Files\dependencies\install\lib\cmake\vtk-8.2\Modules\"/>
		</Unit>
		<Unit filename="/home/hxu/Documents/ShapeWorks/dependencies/install/lib/cmake/vtk-8.2/Modules/vtkImagingStatistics.cmake">
			<Option virtualFolder="CMake Files\dependencies\install\lib\cmake\vtk-8.2\Modules\"/>
		</Unit>
		<Unit filename="/home/hxu/Documents/ShapeWorks/dependencies/install/lib/cmake/vtk-8.2/Modules/vtkImagingStencil.cmake">
			<Option virtualFolder="CMake Files\dependencies\install\lib\cmake\vtk-8.2\Modules\"/>
		</Unit>
		<Unit filename="/home/hxu/Documents/ShapeWorks/dependencies/install/lib/cmake/vtk-8.2/Modules/vtkInfovisCore.cmake">
			<Option virtualFolder="CMake Files\dependencies\install\lib\cmake\vtk-8.2\Modules\"/>
		</Unit>
		<Unit filename="/home/hxu/Documents/ShapeWorks/dependencies/install/lib/cmake/vtk-8.2/Modules/vtkInfovisLayout.cmake">
			<Option virtualFolder="CMake Files\dependencies\install\lib\cmake\vtk-8.2\Modules\"/>
		</Unit>
		<Unit filename="/home/hxu/Documents/ShapeWorks/dependencies/install/lib/cmake/vtk-8.2/Modules/vtkInteractionImage.cmake">
			<Option virtualFolder="CMake Files\dependencies\install\lib\cmake\vtk-8.2\Modules\"/>
		</Unit>
		<Unit filename="/home/hxu/Documents/ShapeWorks/dependencies/install/lib/cmake/vtk-8.2/Modules/vtkInteractionStyle.cmake">
			<Option virtualFolder="CMake Files\dependencies\install\lib\cmake\vtk-8.2\Modules\"/>
		</Unit>
		<Unit filename="/home/hxu/Documents/ShapeWorks/dependencies/install/lib/cmake/vtk-8.2/Modules/vtkInteractionWidgets.cmake">
			<Option virtualFolder="CMake Files\dependencies\install\lib\cmake\vtk-8.2\Modules\"/>
		</Unit>
		<Unit filename="/home/hxu/Documents/ShapeWorks/dependencies/install/lib/cmake/vtk-8.2/Modules/vtkMetaIO.cmake">
			<Option virtualFolder="CMake Files\dependencies\install\lib\cmake\vtk-8.2\Modules\"/>
		</Unit>
		<Unit filename="/home/hxu/Documents/ShapeWorks/dependencies/install/lib/cmake/vtk-8.2/Modules/vtkParallelCore.cmake">
			<Option virtualFolder="CMake Files\dependencies\install\lib\cmake\vtk-8.2\Modules\"/>
		</Unit>
		<Unit filename="/home/hxu/Documents/ShapeWorks/dependencies/install/lib/cmake/vtk-8.2/Modules/vtkRenderingAnnotation.cmake">
			<Option virtualFolder="CMake Files\dependencies\install\lib\cmake\vtk-8.2\Modules\"/>
		</Unit>
		<Unit filename="/home/hxu/Documents/ShapeWorks/dependencies/install/lib/cmake/vtk-8.2/Modules/vtkRenderingContext2D.cmake">
			<Option virtualFolder="CMake Files\dependencies\install\lib\cmake\vtk-8.2\Modules\"/>
		</Unit>
		<Unit filename="/home/hxu/Documents/ShapeWorks/dependencies/install/lib/cmake/vtk-8.2/Modules/vtkRenderingContextOpenGL2.cmake">
			<Option virtualFolder="CMake Files\dependencies\install\lib\cmake\vtk-8.2\Modules\"/>
		</Unit>
		<Unit filename="/home/hxu/Documents/ShapeWorks/dependencies/install/lib/cmake/vtk-8.2/Modules/vtkRenderingCore.cmake">
			<Option virtualFolder="CMake Files\dependencies\install\lib\cmake\vtk-8.2\Modules\"/>
		</Unit>
		<Unit filename="/home/hxu/Documents/ShapeWorks/dependencies/install/lib/cmake/vtk-8.2/Modules/vtkRenderingFreeType.cmake">
			<Option virtualFolder="CMake Files\dependencies\install\lib\cmake\vtk-8.2\Modules\"/>
		</Unit>
		<Unit filename="/home/hxu/Documents/ShapeWorks/dependencies/install/lib/cmake/vtk-8.2/Modules/vtkRenderingGL2PSOpenGL2.cmake">
			<Option virtualFolder="CMake Files\dependencies\install\lib\cmake\vtk-8.2\Modules\"/>
		</Unit>
		<Unit filename="/home/hxu/Documents/ShapeWorks/dependencies/install/lib/cmake/vtk-8.2/Modules/vtkRenderingImage.cmake">
			<Option virtualFolder="CMake Files\dependencies\install\lib\cmake\vtk-8.2\Modules\"/>
		</Unit>
		<Unit filename="/home/hxu/Documents/ShapeWorks/dependencies/install/lib/cmake/vtk-8.2/Modules/vtkRenderingLOD.cmake">
			<Option virtualFolder="CMake Files\dependencies\install\lib\cmake\vtk-8.2\Modules\"/>
		</Unit>
		<Unit filename="/home/hxu/Documents/ShapeWorks/dependencies/install/lib/cmake/vtk-8.2/Modules/vtkRenderingLabel.cmake">
			<Option virtualFolder="CMake Files\dependencies\install\lib\cmake\vtk-8.2\Modules\"/>
		</Unit>
		<Unit filename="/home/hxu/Documents/ShapeWorks/dependencies/install/lib/cmake/vtk-8.2/Modules/vtkRenderingOpenGL2.cmake">
			<Option virtualFolder="CMake Files\dependencies\install\lib\cmake\vtk-8.2\Modules\"/>
		</Unit>
		<Unit filename="/home/hxu/Documents/ShapeWorks/dependencies/install/lib/cmake/vtk-8.2/Modules/vtkRenderingQt.cmake">
			<Option virtualFolder="CMake Files\dependencies\install\lib\cmake\vtk-8.2\Modules\"/>
		</Unit>
		<Unit filename="/home/hxu/Documents/ShapeWorks/dependencies/install/lib/cmake/vtk-8.2/Modules/vtkRenderingVolume.cmake">
			<Option virtualFolder="CMake Files\dependencies\install\lib\cmake\vtk-8.2\Modules\"/>
		</Unit>
		<Unit filename="/home/hxu/Documents/ShapeWorks/dependencies/install/lib/cmake/vtk-8.2/Modules/vtkRenderingVolumeOpenGL2.cmake">
			<Option virtualFolder="CMake Files\dependencies\install\lib\cmake\vtk-8.2\Modules\"/>
		</Unit>
		<Unit filename="/home/hxu/Documents/ShapeWorks/dependencies/install/lib/cmake/vtk-8.2/Modules/vtkViewsContext2D.cmake">
			<Option virtualFolder="CMake Files\dependencies\install\lib\cmake\vtk-8.2\Modules\"/>
		</Unit>
		<Unit filename="/home/hxu/Documents/ShapeWorks/dependencies/install/lib/cmake/vtk-8.2/Modules/vtkViewsCore.cmake">
			<Option virtualFolder="CMake Files\dependencies\install\lib\cmake\vtk-8.2\Modules\"/>
		</Unit>
		<Unit filename="/home/hxu/Documents/ShapeWorks/dependencies/install/lib/cmake/vtk-8.2/Modules/vtkViewsInfovis.cmake">
			<Option virtualFolder="CMake Files\dependencies\install\lib\cmake\vtk-8.2\Modules\"/>
		</Unit>
		<Unit filename="/home/hxu/Documents/ShapeWorks/dependencies/install/lib/cmake/vtk-8.2/Modules/vtkViewsQt.cmake">
			<Option virtualFolder="CMake Files\dependencies\install\lib\cmake\vtk-8.2\Modules\"/>
		</Unit>
		<Unit filename="/home/hxu/Documents/ShapeWorks/dependencies/install/lib/cmake/vtk-8.2/Modules/vtkdoubleconversion.cmake">
			<Option virtualFolder="CMake Files\dependencies\install\lib\cmake\vtk-8.2\Modules\"/>
		</Unit>
		<Unit filename="/home/hxu/Documents/ShapeWorks/dependencies/install/lib/cmake/vtk-8.2/Modules/vtkeigen.cmake">
			<Option virtualFolder="CMake Files\dependencies\install\lib\cmake\vtk-8.2\Modules\"/>
		</Unit>
		<Unit filename="/home/hxu/Documents/ShapeWorks/dependencies/install/lib/cmake/vtk-8.2/Modules/vtkexodusII.cmake">
			<Option virtualFolder="CMake Files\dependencies\install\lib\cmake\vtk-8.2\Modules\"/>
		</Unit>
		<Unit filename="/home/hxu/Documents/ShapeWorks/dependencies/install/lib/cmake/vtk-8.2/Modules/vtkexpat.cmake">
			<Option virtualFolder="CMake Files\dependencies\install\lib\cmake\vtk-8.2\Modules\"/>
		</Unit>
		<Unit filename="/home/hxu/Documents/ShapeWorks/dependencies/install/lib/cmake/vtk-8.2/Modules/vtkfreetype.cmake">
			<Option virtualFolder="CMake Files\dependencies\install\lib\cmake\vtk-8.2\Modules\"/>
		</Unit>
		<Unit filename="/home/hxu/Documents/ShapeWorks/dependencies/install/lib/cmake/vtk-8.2/Modules/vtkgl2ps.cmake">
			<Option virtualFolder="CMake Files\dependencies\install\lib\cmake\vtk-8.2\Modules\"/>
		</Unit>
		<Unit filename="/home/hxu/Documents/ShapeWorks/dependencies/install/lib/cmake/vtk-8.2/Modules/vtkglew.cmake">
			<Option virtualFolder="CMake Files\dependencies\install\lib\cmake\vtk-8.2\Modules\"/>
		</Unit>
		<Unit filename="/home/hxu/Documents/ShapeWorks/dependencies/install/lib/cmake/vtk-8.2/Modules/vtkhdf5.cmake">
			<Option virtualFolder="CMake Files\dependencies\install\lib\cmake\vtk-8.2\Modules\"/>
		</Unit>
		<Unit filename="/home/hxu/Documents/ShapeWorks/dependencies/install/lib/cmake/vtk-8.2/Modules/vtkjpeg.cmake">
			<Option virtualFolder="CMake Files\dependencies\install\lib\cmake\vtk-8.2\Modules\"/>
		</Unit>
		<Unit filename="/home/hxu/Documents/ShapeWorks/dependencies/install/lib/cmake/vtk-8.2/Modules/vtkjsoncpp.cmake">
			<Option virtualFolder="CMake Files\dependencies\install\lib\cmake\vtk-8.2\Modules\"/>
		</Unit>
		<Unit filename="/home/hxu/Documents/ShapeWorks/dependencies/install/lib/cmake/vtk-8.2/Modules/vtkkwiml.cmake">
			<Option virtualFolder="CMake Files\dependencies\install\lib\cmake\vtk-8.2\Modules\"/>
		</Unit>
		<Unit filename="/home/hxu/Documents/ShapeWorks/dependencies/install/lib/cmake/vtk-8.2/Modules/vtklibharu.cmake">
			<Option virtualFolder="CMake Files\dependencies\install\lib\cmake\vtk-8.2\Modules\"/>
		</Unit>
		<Unit filename="/home/hxu/Documents/ShapeWorks/dependencies/install/lib/cmake/vtk-8.2/Modules/vtklibproj.cmake">
			<Option virtualFolder="CMake Files\dependencies\install\lib\cmake\vtk-8.2\Modules\"/>
		</Unit>
		<Unit filename="/home/hxu/Documents/ShapeWorks/dependencies/install/lib/cmake/vtk-8.2/Modules/vtklibxml2.cmake">
			<Option virtualFolder="CMake Files\dependencies\install\lib\cmake\vtk-8.2\Modules\"/>
		</Unit>
		<Unit filename="/home/hxu/Documents/ShapeWorks/dependencies/install/lib/cmake/vtk-8.2/Modules/vtklz4.cmake">
			<Option virtualFolder="CMake Files\dependencies\install\lib\cmake\vtk-8.2\Modules\"/>
		</Unit>
		<Unit filename="/home/hxu/Documents/ShapeWorks/dependencies/install/lib/cmake/vtk-8.2/Modules/vtklzma.cmake">
			<Option virtualFolder="CMake Files\dependencies\install\lib\cmake\vtk-8.2\Modules\"/>
		</Unit>
		<Unit filename="/home/hxu/Documents/ShapeWorks/dependencies/install/lib/cmake/vtk-8.2/Modules/vtknetcdf.cmake">
			<Option virtualFolder="CMake Files\dependencies\install\lib\cmake\vtk-8.2\Modules\"/>
		</Unit>
		<Unit filename="/home/hxu/Documents/ShapeWorks/dependencies/install/lib/cmake/vtk-8.2/Modules/vtkogg.cmake">
			<Option virtualFolder="CMake Files\dependencies\install\lib\cmake\vtk-8.2\Modules\"/>
		</Unit>
		<Unit filename="/home/hxu/Documents/ShapeWorks/dependencies/install/lib/cmake/vtk-8.2/Modules/vtkpng.cmake">
			<Option virtualFolder="CMake Files\dependencies\install\lib\cmake\vtk-8.2\Modules\"/>
		</Unit>
		<Unit filename="/home/hxu/Documents/ShapeWorks/dependencies/install/lib/cmake/vtk-8.2/Modules/vtkpugixml.cmake">
			<Option virtualFolder="CMake Files\dependencies\install\lib\cmake\vtk-8.2\Modules\"/>
		</Unit>
		<Unit filename="/home/hxu/Documents/ShapeWorks/dependencies/install/lib/cmake/vtk-8.2/Modules/vtksqlite.cmake">
			<Option virtualFolder="CMake Files\dependencies\install\lib\cmake\vtk-8.2\Modules\"/>
		</Unit>
		<Unit filename="/home/hxu/Documents/ShapeWorks/dependencies/install/lib/cmake/vtk-8.2/Modules/vtksys.cmake">
			<Option virtualFolder="CMake Files\dependencies\install\lib\cmake\vtk-8.2\Modules\"/>
		</Unit>
		<Unit filename="/home/hxu/Documents/ShapeWorks/dependencies/install/lib/cmake/vtk-8.2/Modules/vtktheora.cmake">
			<Option virtualFolder="CMake Files\dependencies\install\lib\cmake\vtk-8.2\Modules\"/>
		</Unit>
		<Unit filename="/home/hxu/Documents/ShapeWorks/dependencies/install/lib/cmake/vtk-8.2/Modules/vtktiff.cmake">
			<Option virtualFolder="CMake Files\dependencies\install\lib\cmake\vtk-8.2\Modules\"/>
		</Unit>
		<Unit filename="/home/hxu/Documents/ShapeWorks/dependencies/install/lib/cmake/vtk-8.2/Modules/vtkutf8.cmake">
			<Option virtualFolder="CMake Files\dependencies\install\lib\cmake\vtk-8.2\Modules\"/>
		</Unit>
		<Unit filename="/home/hxu/Documents/ShapeWorks/dependencies/install/lib/cmake/vtk-8.2/Modules/vtkverdict.cmake">
			<Option virtualFolder="CMake Files\dependencies\install\lib\cmake\vtk-8.2\Modules\"/>
		</Unit>
		<Unit filename="/home/hxu/Documents/ShapeWorks/dependencies/install/lib/cmake/vtk-8.2/Modules/vtkzlib.cmake">
			<Option virtualFolder="CMake Files\dependencies\install\lib\cmake\vtk-8.2\Modules\"/>
		</Unit>
		<Unit filename="/home/hxu/Documents/ShapeWorks/dependencies/install/lib/cmake/ITK-5.0/ITKConfig.cmake">
			<Option virtualFolder="CMake Files\dependencies\install\lib\cmake\ITK-5.0\"/>
		</Unit>
		<Unit filename="/home/hxu/Documents/ShapeWorks/dependencies/install/lib/cmake/ITK-5.0/ITKConfigVersion.cmake">
			<Option virtualFolder="CMake Files\dependencies\install\lib\cmake\ITK-5.0\"/>
		</Unit>
		<Unit filename="/home/hxu/Documents/ShapeWorks/dependencies/install/lib/cmake/ITK-5.0/ITKModuleAPI.cmake">
			<Option virtualFolder="CMake Files\dependencies\install\lib\cmake\ITK-5.0\"/>
		</Unit>
		<Unit filename="/home/hxu/Documents/ShapeWorks/dependencies/install/lib/cmake/ITK-5.0/ITKTargets-release.cmake">
			<Option virtualFolder="CMake Files\dependencies\install\lib\cmake\ITK-5.0\"/>
		</Unit>
		<Unit filename="/home/hxu/Documents/ShapeWorks/dependencies/install/lib/cmake/ITK-5.0/ITKTargets.cmake">
			<Option virtualFolder="CMake Files\dependencies\install\lib\cmake\ITK-5.0\"/>
		</Unit>
		<Unit filename="/home/hxu/Documents/ShapeWorks/dependencies/install/lib/cmake/ITK-5.0/UseITK.cmake">
			<Option virtualFolder="CMake Files\dependencies\install\lib\cmake\ITK-5.0\"/>
		</Unit>
		<Unit filename="/home/hxu/Documents/ShapeWorks/dependencies/install/lib/cmake/ITK-5.0/itkImageIOFactoryRegisterManager.h.in">
			<Option virtualFolder="CMake Files\dependencies\install\lib\cmake\ITK-5.0\"/>
		</Unit>
		<Unit filename="/home/hxu/Documents/ShapeWorks/dependencies/install/lib/cmake/ITK-5.0/itkMeshIOFactoryRegisterManager.h.in">
			<Option virtualFolder="CMake Files\dependencies\install\lib\cmake\ITK-5.0\"/>
		</Unit>
		<Unit filename="/home/hxu/Documents/ShapeWorks/dependencies/install/lib/cmake/ITK-5.0/itkTransformIOFactoryRegisterManager.h.in">
			<Option virtualFolder="CMake Files\dependencies\install\lib\cmake\ITK-5.0\"/>
		</Unit>
		<Unit filename="/home/hxu/Documents/ShapeWorks/dependencies/install/lib/cmake/ITK-5.0/Modules/ITKAnisotropicSmoothing.cmake">
			<Option virtualFolder="CMake Files\dependencies\install\lib\cmake\ITK-5.0\Modules\"/>
		</Unit>
		<Unit filename="/home/hxu/Documents/ShapeWorks/dependencies/install/lib/cmake/ITK-5.0/Modules/ITKAntiAlias.cmake">
			<Option virtualFolder="CMake Files\dependencies\install\lib\cmake\ITK-5.0\Modules\"/>
		</Unit>
		<Unit filename="/home/hxu/Documents/ShapeWorks/dependencies/install/lib/cmake/ITK-5.0/Modules/ITKBiasCorrection.cmake">
			<Option virtualFolder="CMake Files\dependencies\install\lib\cmake\ITK-5.0\Modules\"/>
		</Unit>
		<Unit filename="/home/hxu/Documents/ShapeWorks/dependencies/install/lib/cmake/ITK-5.0/Modules/ITKBinaryMathematicalMorphology.cmake">
			<Option virtualFolder="CMake Files\dependencies\install\lib\cmake\ITK-5.0\Modules\"/>
		</Unit>
		<Unit filename="/home/hxu/Documents/ShapeWorks/dependencies/install/lib/cmake/ITK-5.0/Modules/ITKClassifiers.cmake">
			<Option virtualFolder="CMake Files\dependencies\install\lib\cmake\ITK-5.0\Modules\"/>
		</Unit>
		<Unit filename="/home/hxu/Documents/ShapeWorks/dependencies/install/lib/cmake/ITK-5.0/Modules/ITKColormap.cmake">
			<Option virtualFolder="CMake Files\dependencies\install\lib\cmake\ITK-5.0\Modules\"/>
		</Unit>
		<Unit filename="/home/hxu/Documents/ShapeWorks/dependencies/install/lib/cmake/ITK-5.0/Modules/ITKCommon.cmake">
			<Option virtualFolder="CMake Files\dependencies\install\lib\cmake\ITK-5.0\Modules\"/>
		</Unit>
		<Unit filename="/home/hxu/Documents/ShapeWorks/dependencies/install/lib/cmake/ITK-5.0/Modules/ITKConnectedComponents.cmake">
			<Option virtualFolder="CMake Files\dependencies\install\lib\cmake\ITK-5.0\Modules\"/>
		</Unit>
		<Unit filename="/home/hxu/Documents/ShapeWorks/dependencies/install/lib/cmake/ITK-5.0/Modules/ITKConvolution.cmake">
			<Option virtualFolder="CMake Files\dependencies\install\lib\cmake\ITK-5.0\Modules\"/>
		</Unit>
		<Unit filename="/home/hxu/Documents/ShapeWorks/dependencies/install/lib/cmake/ITK-5.0/Modules/ITKCurvatureFlow.cmake">
			<Option virtualFolder="CMake Files\dependencies\install\lib\cmake\ITK-5.0\Modules\"/>
		</Unit>
		<Unit filename="/home/hxu/Documents/ShapeWorks/dependencies/install/lib/cmake/ITK-5.0/Modules/ITKDICOMParser.cmake">
			<Option virtualFolder="CMake Files\dependencies\install\lib\cmake\ITK-5.0\Modules\"/>
		</Unit>
		<Unit filename="/home/hxu/Documents/ShapeWorks/dependencies/install/lib/cmake/ITK-5.0/Modules/ITKDeconvolution.cmake">
			<Option virtualFolder="CMake Files\dependencies\install\lib\cmake\ITK-5.0\Modules\"/>
		</Unit>
		<Unit filename="/home/hxu/Documents/ShapeWorks/dependencies/install/lib/cmake/ITK-5.0/Modules/ITKDeformableMesh.cmake">
			<Option virtualFolder="CMake Files\dependencies\install\lib\cmake\ITK-5.0\Modules\"/>
		</Unit>
		<Unit filename="/home/hxu/Documents/ShapeWorks/dependencies/install/lib/cmake/ITK-5.0/Modules/ITKDenoising.cmake">
			<Option virtualFolder="CMake Files\dependencies\install\lib\cmake\ITK-5.0\Modules\"/>
		</Unit>
		<Unit filename="/home/hxu/Documents/ShapeWorks/dependencies/install/lib/cmake/ITK-5.0/Modules/ITKDiffusionTensorImage.cmake">
			<Option virtualFolder="CMake Files\dependencies\install\lib\cmake\ITK-5.0\Modules\"/>
		</Unit>
		<Unit filename="/home/hxu/Documents/ShapeWorks/dependencies/install/lib/cmake/ITK-5.0/Modules/ITKDisplacementField.cmake">
			<Option virtualFolder="CMake Files\dependencies\install\lib\cmake\ITK-5.0\Modules\"/>
		</Unit>
		<Unit filename="/home/hxu/Documents/ShapeWorks/dependencies/install/lib/cmake/ITK-5.0/Modules/ITKDistanceMap.cmake">
			<Option virtualFolder="CMake Files\dependencies\install\lib\cmake\ITK-5.0\Modules\"/>
		</Unit>
		<Unit filename="/home/hxu/Documents/ShapeWorks/dependencies/install/lib/cmake/ITK-5.0/Modules/ITKDoubleConversion.cmake">
			<Option virtualFolder="CMake Files\dependencies\install\lib\cmake\ITK-5.0\Modules\"/>
		</Unit>
		<Unit filename="/home/hxu/Documents/ShapeWorks/dependencies/install/lib/cmake/ITK-5.0/Modules/ITKEigen.cmake">
			<Option virtualFolder="CMake Files\dependencies\install\lib\cmake\ITK-5.0\Modules\"/>
		</Unit>
		<Unit filename="/home/hxu/Documents/ShapeWorks/dependencies/install/lib/cmake/ITK-5.0/Modules/ITKEigen3.cmake">
			<Option virtualFolder="CMake Files\dependencies\install\lib\cmake\ITK-5.0\Modules\"/>
		</Unit>
		<Unit filename="/home/hxu/Documents/ShapeWorks/dependencies/install/lib/cmake/ITK-5.0/Modules/ITKExpat.cmake">
			<Option virtualFolder="CMake Files\dependencies\install\lib\cmake\ITK-5.0\Modules\"/>
		</Unit>
		<Unit filename="/home/hxu/Documents/ShapeWorks/dependencies/install/lib/cmake/ITK-5.0/Modules/ITKFFT.cmake">
			<Option virtualFolder="CMake Files\dependencies\install\lib\cmake\ITK-5.0\Modules\"/>
		</Unit>
		<Unit filename="/home/hxu/Documents/ShapeWorks/dependencies/install/lib/cmake/ITK-5.0/Modules/ITKFastMarching.cmake">
			<Option virtualFolder="CMake Files\dependencies\install\lib\cmake\ITK-5.0\Modules\"/>
		</Unit>
		<Unit filename="/home/hxu/Documents/ShapeWorks/dependencies/install/lib/cmake/ITK-5.0/Modules/ITKFiniteDifference.cmake">
			<Option virtualFolder="CMake Files\dependencies\install\lib\cmake\ITK-5.0\Modules\"/>
		</Unit>
		<Unit filename="/home/hxu/Documents/ShapeWorks/dependencies/install/lib/cmake/ITK-5.0/Modules/ITKGDCM.cmake">
			<Option virtualFolder="CMake Files\dependencies\install\lib\cmake\ITK-5.0\Modules\"/>
		</Unit>
		<Unit filename="/home/hxu/Documents/ShapeWorks/dependencies/install/lib/cmake/ITK-5.0/Modules/ITKGIFTI.cmake">
			<Option virtualFolder="CMake Files\dependencies\install\lib\cmake\ITK-5.0\Modules\"/>
		</Unit>
		<Unit filename="/home/hxu/Documents/ShapeWorks/dependencies/install/lib/cmake/ITK-5.0/Modules/ITKGPUAnisotropicSmoothing.cmake">
			<Option virtualFolder="CMake Files\dependencies\install\lib\cmake\ITK-5.0\Modules\"/>
		</Unit>
		<Unit filename="/home/hxu/Documents/ShapeWorks/dependencies/install/lib/cmake/ITK-5.0/Modules/ITKGPUCommon.cmake">
			<Option virtualFolder="CMake Files\dependencies\install\lib\cmake\ITK-5.0\Modules\"/>
		</Unit>
		<Unit filename="/home/hxu/Documents/ShapeWorks/dependencies/install/lib/cmake/ITK-5.0/Modules/ITKGPUFiniteDifference.cmake">
			<Option virtualFolder="CMake Files\dependencies\install\lib\cmake\ITK-5.0\Modules\"/>
		</Unit>
		<Unit filename="/home/hxu/Documents/ShapeWorks/dependencies/install/lib/cmake/ITK-5.0/Modules/ITKGPUImageFilterBase.cmake">
			<Option virtualFolder="CMake Files\dependencies\install\lib\cmake\ITK-5.0\Modules\"/>
		</Unit>
		<Unit filename="/home/hxu/Documents/ShapeWorks/dependencies/install/lib/cmake/ITK-5.0/Modules/ITKGPUPDEDeformableRegistration.cmake">
			<Option virtualFolder="CMake Files\dependencies\install\lib\cmake\ITK-5.0\Modules\"/>
		</Unit>
		<Unit filename="/home/hxu/Documents/ShapeWorks/dependencies/install/lib/cmake/ITK-5.0/Modules/ITKGPURegistrationCommon.cmake">
			<Option virtualFolder="CMake Files\dependencies\install\lib\cmake\ITK-5.0\Modules\"/>
		</Unit>
		<Unit filename="/home/hxu/Documents/ShapeWorks/dependencies/install/lib/cmake/ITK-5.0/Modules/ITKGPUSmoothing.cmake">
			<Option virtualFolder="CMake Files\dependencies\install\lib\cmake\ITK-5.0\Modules\"/>
		</Unit>
		<Unit filename="/home/hxu/Documents/ShapeWorks/dependencies/install/lib/cmake/ITK-5.0/Modules/ITKGPUThresholding.cmake">
			<Option virtualFolder="CMake Files\dependencies\install\lib\cmake\ITK-5.0\Modules\"/>
		</Unit>
		<Unit filename="/home/hxu/Documents/ShapeWorks/dependencies/install/lib/cmake/ITK-5.0/Modules/ITKGoogleTest.cmake">
			<Option virtualFolder="CMake Files\dependencies\install\lib\cmake\ITK-5.0\Modules\"/>
		</Unit>
		<Unit filename="/home/hxu/Documents/ShapeWorks/dependencies/install/lib/cmake/ITK-5.0/Modules/ITKHDF5.cmake">
			<Option virtualFolder="CMake Files\dependencies\install\lib\cmake\ITK-5.0\Modules\"/>
		</Unit>
		<Unit filename="/home/hxu/Documents/ShapeWorks/dependencies/install/lib/cmake/ITK-5.0/Modules/ITKIOBMP.cmake">
			<Option virtualFolder="CMake Files\dependencies\install\lib\cmake\ITK-5.0\Modules\"/>
		</Unit>
		<Unit filename="/home/hxu/Documents/ShapeWorks/dependencies/install/lib/cmake/ITK-5.0/Modules/ITKIOBioRad.cmake">
			<Option virtualFolder="CMake Files\dependencies\install\lib\cmake\ITK-5.0\Modules\"/>
		</Unit>
		<Unit filename="/home/hxu/Documents/ShapeWorks/dependencies/install/lib/cmake/ITK-5.0/Modules/ITKIOBruker.cmake">
			<Option virtualFolder="CMake Files\dependencies\install\lib\cmake\ITK-5.0\Modules\"/>
		</Unit>
		<Unit filename="/home/hxu/Documents/ShapeWorks/dependencies/install/lib/cmake/ITK-5.0/Modules/ITKIOCSV.cmake">
			<Option virtualFolder="CMake Files\dependencies\install\lib\cmake\ITK-5.0\Modules\"/>
		</Unit>
		<Unit filename="/home/hxu/Documents/ShapeWorks/dependencies/install/lib/cmake/ITK-5.0/Modules/ITKIOGDCM.cmake">
			<Option virtualFolder="CMake Files\dependencies\install\lib\cmake\ITK-5.0\Modules\"/>
		</Unit>
		<Unit filename="/home/hxu/Documents/ShapeWorks/dependencies/install/lib/cmake/ITK-5.0/Modules/ITKIOGE.cmake">
			<Option virtualFolder="CMake Files\dependencies\install\lib\cmake\ITK-5.0\Modules\"/>
		</Unit>
		<Unit filename="/home/hxu/Documents/ShapeWorks/dependencies/install/lib/cmake/ITK-5.0/Modules/ITKIOGIPL.cmake">
			<Option virtualFolder="CMake Files\dependencies\install\lib\cmake\ITK-5.0\Modules\"/>
		</Unit>
		<Unit filename="/home/hxu/Documents/ShapeWorks/dependencies/install/lib/cmake/ITK-5.0/Modules/ITKIOHDF5.cmake">
			<Option virtualFolder="CMake Files\dependencies\install\lib\cmake\ITK-5.0\Modules\"/>
		</Unit>
		<Unit filename="/home/hxu/Documents/ShapeWorks/dependencies/install/lib/cmake/ITK-5.0/Modules/ITKIOIPL.cmake">
			<Option virtualFolder="CMake Files\dependencies\install\lib\cmake\ITK-5.0\Modules\"/>
		</Unit>
		<Unit filename="/home/hxu/Documents/ShapeWorks/dependencies/install/lib/cmake/ITK-5.0/Modules/ITKIOImageBase.cmake">
			<Option virtualFolder="CMake Files\dependencies\install\lib\cmake\ITK-5.0\Modules\"/>
		</Unit>
		<Unit filename="/home/hxu/Documents/ShapeWorks/dependencies/install/lib/cmake/ITK-5.0/Modules/ITKIOJPEG.cmake">
			<Option virtualFolder="CMake Files\dependencies\install\lib\cmake\ITK-5.0\Modules\"/>
		</Unit>
		<Unit filename="/home/hxu/Documents/ShapeWorks/dependencies/install/lib/cmake/ITK-5.0/Modules/ITKIOJPEG2000.cmake">
			<Option virtualFolder="CMake Files\dependencies\install\lib\cmake\ITK-5.0\Modules\"/>
		</Unit>
		<Unit filename="/home/hxu/Documents/ShapeWorks/dependencies/install/lib/cmake/ITK-5.0/Modules/ITKIOLSM.cmake">
			<Option virtualFolder="CMake Files\dependencies\install\lib\cmake\ITK-5.0\Modules\"/>
		</Unit>
		<Unit filename="/home/hxu/Documents/ShapeWorks/dependencies/install/lib/cmake/ITK-5.0/Modules/ITKIOMINC.cmake">
			<Option virtualFolder="CMake Files\dependencies\install\lib\cmake\ITK-5.0\Modules\"/>
		</Unit>
		<Unit filename="/home/hxu/Documents/ShapeWorks/dependencies/install/lib/cmake/ITK-5.0/Modules/ITKIOMRC.cmake">
			<Option virtualFolder="CMake Files\dependencies\install\lib\cmake\ITK-5.0\Modules\"/>
		</Unit>
		<Unit filename="/home/hxu/Documents/ShapeWorks/dependencies/install/lib/cmake/ITK-5.0/Modules/ITKIOMesh.cmake">
			<Option virtualFolder="CMake Files\dependencies\install\lib\cmake\ITK-5.0\Modules\"/>
		</Unit>
		<Unit filename="/home/hxu/Documents/ShapeWorks/dependencies/install/lib/cmake/ITK-5.0/Modules/ITKIOMeshBYU.cmake">
			<Option virtualFolder="CMake Files\dependencies\install\lib\cmake\ITK-5.0\Modules\"/>
		</Unit>
		<Unit filename="/home/hxu/Documents/ShapeWorks/dependencies/install/lib/cmake/ITK-5.0/Modules/ITKIOMeshBase.cmake">
			<Option virtualFolder="CMake Files\dependencies\install\lib\cmake\ITK-5.0\Modules\"/>
		</Unit>
		<Unit filename="/home/hxu/Documents/ShapeWorks/dependencies/install/lib/cmake/ITK-5.0/Modules/ITKIOMeshFreeSurfer.cmake">
			<Option virtualFolder="CMake Files\dependencies\install\lib\cmake\ITK-5.0\Modules\"/>
		</Unit>
		<Unit filename="/home/hxu/Documents/ShapeWorks/dependencies/install/lib/cmake/ITK-5.0/Modules/ITKIOMeshGifti.cmake">
			<Option virtualFolder="CMake Files\dependencies\install\lib\cmake\ITK-5.0\Modules\"/>
		</Unit>
		<Unit filename="/home/hxu/Documents/ShapeWorks/dependencies/install/lib/cmake/ITK-5.0/Modules/ITKIOMeshOBJ.cmake">
			<Option virtualFolder="CMake Files\dependencies\install\lib\cmake\ITK-5.0\Modules\"/>
		</Unit>
		<Unit filename="/home/hxu/Documents/ShapeWorks/dependencies/install/lib/cmake/ITK-5.0/Modules/ITKIOMeshOFF.cmake">
			<Option virtualFolder="CMake Files\dependencies\install\lib\cmake\ITK-5.0\Modules\"/>
		</Unit>
		<Unit filename="/home/hxu/Documents/ShapeWorks/dependencies/install/lib/cmake/ITK-5.0/Modules/ITKIOMeshVTK.cmake">
			<Option virtualFolder="CMake Files\dependencies\install\lib\cmake\ITK-5.0\Modules\"/>
		</Unit>
		<Unit filename="/home/hxu/Documents/ShapeWorks/dependencies/install/lib/cmake/ITK-5.0/Modules/ITKIOMeta.cmake">
			<Option virtualFolder="CMake Files\dependencies\install\lib\cmake\ITK-5.0\Modules\"/>
		</Unit>
		<Unit filename="/home/hxu/Documents/ShapeWorks/dependencies/install/lib/cmake/ITK-5.0/Modules/ITKIONIFTI.cmake">
			<Option virtualFolder="CMake Files\dependencies\install\lib\cmake\ITK-5.0\Modules\"/>
		</Unit>
		<Unit filename="/home/hxu/Documents/ShapeWorks/dependencies/install/lib/cmake/ITK-5.0/Modules/ITKIONRRD.cmake">
			<Option virtualFolder="CMake Files\dependencies\install\lib\cmake\ITK-5.0\Modules\"/>
		</Unit>
		<Unit filename="/home/hxu/Documents/ShapeWorks/dependencies/install/lib/cmake/ITK-5.0/Modules/ITKIOPNG.cmake">
			<Option virtualFolder="CMake Files\dependencies\install\lib\cmake\ITK-5.0\Modules\"/>
		</Unit>
		<Unit filename="/home/hxu/Documents/ShapeWorks/dependencies/install/lib/cmake/ITK-5.0/Modules/ITKIORAW.cmake">
			<Option virtualFolder="CMake Files\dependencies\install\lib\cmake\ITK-5.0\Modules\"/>
		</Unit>
		<Unit filename="/home/hxu/Documents/ShapeWorks/dependencies/install/lib/cmake/ITK-5.0/Modules/ITKIOSiemens.cmake">
			<Option virtualFolder="CMake Files\dependencies\install\lib\cmake\ITK-5.0\Modules\"/>
		</Unit>
		<Unit filename="/home/hxu/Documents/ShapeWorks/dependencies/install/lib/cmake/ITK-5.0/Modules/ITKIOSpatialObjects.cmake">
			<Option virtualFolder="CMake Files\dependencies\install\lib\cmake\ITK-5.0\Modules\"/>
		</Unit>
		<Unit filename="/home/hxu/Documents/ShapeWorks/dependencies/install/lib/cmake/ITK-5.0/Modules/ITKIOStimulate.cmake">
			<Option virtualFolder="CMake Files\dependencies\install\lib\cmake\ITK-5.0\Modules\"/>
		</Unit>
		<Unit filename="/home/hxu/Documents/ShapeWorks/dependencies/install/lib/cmake/ITK-5.0/Modules/ITKIOTIFF.cmake">
			<Option virtualFolder="CMake Files\dependencies\install\lib\cmake\ITK-5.0\Modules\"/>
		</Unit>
		<Unit filename="/home/hxu/Documents/ShapeWorks/dependencies/install/lib/cmake/ITK-5.0/Modules/ITKIOTransformBase.cmake">
			<Option virtualFolder="CMake Files\dependencies\install\lib\cmake\ITK-5.0\Modules\"/>
		</Unit>
		<Unit filename="/home/hxu/Documents/ShapeWorks/dependencies/install/lib/cmake/ITK-5.0/Modules/ITKIOTransformHDF5.cmake">
			<Option virtualFolder="CMake Files\dependencies\install\lib\cmake\ITK-5.0\Modules\"/>
		</Unit>
		<Unit filename="/home/hxu/Documents/ShapeWorks/dependencies/install/lib/cmake/ITK-5.0/Modules/ITKIOTransformInsightLegacy.cmake">
			<Option virtualFolder="CMake Files\dependencies\install\lib\cmake\ITK-5.0\Modules\"/>
		</Unit>
		<Unit filename="/home/hxu/Documents/ShapeWorks/dependencies/install/lib/cmake/ITK-5.0/Modules/ITKIOTransformMatlab.cmake">
			<Option virtualFolder="CMake Files\dependencies\install\lib\cmake\ITK-5.0\Modules\"/>
		</Unit>
		<Unit filename="/home/hxu/Documents/ShapeWorks/dependencies/install/lib/cmake/ITK-5.0/Modules/ITKIOVTK.cmake">
			<Option virtualFolder="CMake Files\dependencies\install\lib\cmake\ITK-5.0\Modules\"/>
		</Unit>
		<Unit filename="/home/hxu/Documents/ShapeWorks/dependencies/install/lib/cmake/ITK-5.0/Modules/ITKIOXML.cmake">
			<Option virtualFolder="CMake Files\dependencies\install\lib\cmake\ITK-5.0\Modules\"/>
		</Unit>
		<Unit filename="/home/hxu/Documents/ShapeWorks/dependencies/install/lib/cmake/ITK-5.0/Modules/ITKImageAdaptors.cmake">
			<Option virtualFolder="CMake Files\dependencies\install\lib\cmake\ITK-5.0\Modules\"/>
		</Unit>
		<Unit filename="/home/hxu/Documents/ShapeWorks/dependencies/install/lib/cmake/ITK-5.0/Modules/ITKImageCompare.cmake">
			<Option virtualFolder="CMake Files\dependencies\install\lib\cmake\ITK-5.0\Modules\"/>
		</Unit>
		<Unit filename="/home/hxu/Documents/ShapeWorks/dependencies/install/lib/cmake/ITK-5.0/Modules/ITKImageCompose.cmake">
			<Option virtualFolder="CMake Files\dependencies\install\lib\cmake\ITK-5.0\Modules\"/>
		</Unit>
		<Unit filename="/home/hxu/Documents/ShapeWorks/dependencies/install/lib/cmake/ITK-5.0/Modules/ITKImageFeature.cmake">
			<Option virtualFolder="CMake Files\dependencies\install\lib\cmake\ITK-5.0\Modules\"/>
		</Unit>
		<Unit filename="/home/hxu/Documents/ShapeWorks/dependencies/install/lib/cmake/ITK-5.0/Modules/ITKImageFilterBase.cmake">
			<Option virtualFolder="CMake Files\dependencies\install\lib\cmake\ITK-5.0\Modules\"/>
		</Unit>
		<Unit filename="/home/hxu/Documents/ShapeWorks/dependencies/install/lib/cmake/ITK-5.0/Modules/ITKImageFrequency.cmake">
			<Option virtualFolder="CMake Files\dependencies\install\lib\cmake\ITK-5.0\Modules\"/>
		</Unit>
		<Unit filename="/home/hxu/Documents/ShapeWorks/dependencies/install/lib/cmake/ITK-5.0/Modules/ITKImageFunction.cmake">
			<Option virtualFolder="CMake Files\dependencies\install\lib\cmake\ITK-5.0\Modules\"/>
		</Unit>
		<Unit filename="/home/hxu/Documents/ShapeWorks/dependencies/install/lib/cmake/ITK-5.0/Modules/ITKImageFusion.cmake">
			<Option virtualFolder="CMake Files\dependencies\install\lib\cmake\ITK-5.0\Modules\"/>
		</Unit>
		<Unit filename="/home/hxu/Documents/ShapeWorks/dependencies/install/lib/cmake/ITK-5.0/Modules/ITKImageGradient.cmake">
			<Option virtualFolder="CMake Files\dependencies\install\lib\cmake\ITK-5.0\Modules\"/>
		</Unit>
		<Unit filename="/home/hxu/Documents/ShapeWorks/dependencies/install/lib/cmake/ITK-5.0/Modules/ITKImageGrid.cmake">
			<Option virtualFolder="CMake Files\dependencies\install\lib\cmake\ITK-5.0\Modules\"/>
		</Unit>
		<Unit filename="/home/hxu/Documents/ShapeWorks/dependencies/install/lib/cmake/ITK-5.0/Modules/ITKImageIntensity.cmake">
			<Option virtualFolder="CMake Files\dependencies\install\lib\cmake\ITK-5.0\Modules\"/>
		</Unit>
		<Unit filename="/home/hxu/Documents/ShapeWorks/dependencies/install/lib/cmake/ITK-5.0/Modules/ITKImageLabel.cmake">
			<Option virtualFolder="CMake Files\dependencies\install\lib\cmake\ITK-5.0\Modules\"/>
		</Unit>
		<Unit filename="/home/hxu/Documents/ShapeWorks/dependencies/install/lib/cmake/ITK-5.0/Modules/ITKImageNoise.cmake">
			<Option virtualFolder="CMake Files\dependencies\install\lib\cmake\ITK-5.0\Modules\"/>
		</Unit>
		<Unit filename="/home/hxu/Documents/ShapeWorks/dependencies/install/lib/cmake/ITK-5.0/Modules/ITKImageSources.cmake">
			<Option virtualFolder="CMake Files\dependencies\install\lib\cmake\ITK-5.0\Modules\"/>
		</Unit>
		<Unit filename="/home/hxu/Documents/ShapeWorks/dependencies/install/lib/cmake/ITK-5.0/Modules/ITKImageStatistics.cmake">
			<Option virtualFolder="CMake Files\dependencies\install\lib\cmake\ITK-5.0\Modules\"/>
		</Unit>
		<Unit filename="/home/hxu/Documents/ShapeWorks/dependencies/install/lib/cmake/ITK-5.0/Modules/ITKIntegratedTest.cmake">
			<Option virtualFolder="CMake Files\dependencies\install\lib\cmake\ITK-5.0\Modules\"/>
		</Unit>
		<Unit filename="/home/hxu/Documents/ShapeWorks/dependencies/install/lib/cmake/ITK-5.0/Modules/ITKInternalEigen3Config.cmake">
			<Option virtualFolder="CMake Files\dependencies\install\lib\cmake\ITK-5.0\Modules\"/>
		</Unit>
		<Unit filename="/home/hxu/Documents/ShapeWorks/dependencies/install/lib/cmake/ITK-5.0/Modules/ITKInternalEigen3ConfigVersion.cmake">
			<Option virtualFolder="CMake Files\dependencies\install\lib\cmake\ITK-5.0\Modules\"/>
		</Unit>
		<Unit filename="/home/hxu/Documents/ShapeWorks/dependencies/install/lib/cmake/ITK-5.0/Modules/ITKInternalEigen3Targets.cmake">
			<Option virtualFolder="CMake Files\dependencies\install\lib\cmake\ITK-5.0\Modules\"/>
		</Unit>
		<Unit filename="/home/hxu/Documents/ShapeWorks/dependencies/install/lib/cmake/ITK-5.0/Modules/ITKJPEG.cmake">
			<Option virtualFolder="CMake Files\dependencies\install\lib\cmake\ITK-5.0\Modules\"/>
		</Unit>
		<Unit filename="/home/hxu/Documents/ShapeWorks/dependencies/install/lib/cmake/ITK-5.0/Modules/ITKKLMRegionGrowing.cmake">
			<Option virtualFolder="CMake Files\dependencies\install\lib\cmake\ITK-5.0\Modules\"/>
		</Unit>
		<Unit filename="/home/hxu/Documents/ShapeWorks/dependencies/install/lib/cmake/ITK-5.0/Modules/ITKKWIML.cmake">
			<Option virtualFolder="CMake Files\dependencies\install\lib\cmake\ITK-5.0\Modules\"/>
		</Unit>
		<Unit filename="/home/hxu/Documents/ShapeWorks/dependencies/install/lib/cmake/ITK-5.0/Modules/ITKKWSys.cmake">
			<Option virtualFolder="CMake Files\dependencies\install\lib\cmake\ITK-5.0\Modules\"/>
		</Unit>
		<Unit filename="/home/hxu/Documents/ShapeWorks/dependencies/install/lib/cmake/ITK-5.0/Modules/ITKLIBLBFGS.cmake">
			<Option virtualFolder="CMake Files\dependencies\install\lib\cmake\ITK-5.0\Modules\"/>
		</Unit>
		<Unit filename="/home/hxu/Documents/ShapeWorks/dependencies/install/lib/cmake/ITK-5.0/Modules/ITKLabelMap.cmake">
			<Option virtualFolder="CMake Files\dependencies\install\lib\cmake\ITK-5.0\Modules\"/>
		</Unit>
		<Unit filename="/home/hxu/Documents/ShapeWorks/dependencies/install/lib/cmake/ITK-5.0/Modules/ITKLabelVoting.cmake">
			<Option virtualFolder="CMake Files\dependencies\install\lib\cmake\ITK-5.0\Modules\"/>
		</Unit>
		<Unit filename="/home/hxu/Documents/ShapeWorks/dependencies/install/lib/cmake/ITK-5.0/Modules/ITKLevelSets.cmake">
			<Option virtualFolder="CMake Files\dependencies\install\lib\cmake\ITK-5.0\Modules\"/>
		</Unit>
		<Unit filename="/home/hxu/Documents/ShapeWorks/dependencies/install/lib/cmake/ITK-5.0/Modules/ITKLevelSetsv4.cmake">
			<Option virtualFolder="CMake Files\dependencies\install\lib\cmake\ITK-5.0\Modules\"/>
		</Unit>
		<Unit filename="/home/hxu/Documents/ShapeWorks/dependencies/install/lib/cmake/ITK-5.0/Modules/ITKMINC.cmake">
			<Option virtualFolder="CMake Files\dependencies\install\lib\cmake\ITK-5.0\Modules\"/>
		</Unit>
		<Unit filename="/home/hxu/Documents/ShapeWorks/dependencies/install/lib/cmake/ITK-5.0/Modules/ITKMarkovRandomFieldsClassifiers.cmake">
			<Option virtualFolder="CMake Files\dependencies\install\lib\cmake\ITK-5.0\Modules\"/>
		</Unit>
		<Unit filename="/home/hxu/Documents/ShapeWorks/dependencies/install/lib/cmake/ITK-5.0/Modules/ITKMathematicalMorphology.cmake">
			<Option virtualFolder="CMake Files\dependencies\install\lib\cmake\ITK-5.0\Modules\"/>
		</Unit>
		<Unit filename="/home/hxu/Documents/ShapeWorks/dependencies/install/lib/cmake/ITK-5.0/Modules/ITKMesh.cmake">
			<Option virtualFolder="CMake Files\dependencies\install\lib\cmake\ITK-5.0\Modules\"/>
		</Unit>
		<Unit filename="/home/hxu/Documents/ShapeWorks/dependencies/install/lib/cmake/ITK-5.0/Modules/ITKMetaIO.cmake">
			<Option virtualFolder="CMake Files\dependencies\install\lib\cmake\ITK-5.0\Modules\"/>
		</Unit>
		<Unit filename="/home/hxu/Documents/ShapeWorks/dependencies/install/lib/cmake/ITK-5.0/Modules/ITKMetricsv4.cmake">
			<Option virtualFolder="CMake Files\dependencies\install\lib\cmake\ITK-5.0\Modules\"/>
		</Unit>
		<Unit filename="/home/hxu/Documents/ShapeWorks/dependencies/install/lib/cmake/ITK-5.0/Modules/ITKNIFTI.cmake">
			<Option virtualFolder="CMake Files\dependencies\install\lib\cmake\ITK-5.0\Modules\"/>
		</Unit>
		<Unit filename="/home/hxu/Documents/ShapeWorks/dependencies/install/lib/cmake/ITK-5.0/Modules/ITKNarrowBand.cmake">
			<Option virtualFolder="CMake Files\dependencies\install\lib\cmake\ITK-5.0\Modules\"/>
		</Unit>
		<Unit filename="/home/hxu/Documents/ShapeWorks/dependencies/install/lib/cmake/ITK-5.0/Modules/ITKNetlib.cmake">
			<Option virtualFolder="CMake Files\dependencies\install\lib\cmake\ITK-5.0\Modules\"/>
		</Unit>
		<Unit filename="/home/hxu/Documents/ShapeWorks/dependencies/install/lib/cmake/ITK-5.0/Modules/ITKNrrdIO.cmake">
			<Option virtualFolder="CMake Files\dependencies\install\lib\cmake\ITK-5.0\Modules\"/>
		</Unit>
		<Unit filename="/home/hxu/Documents/ShapeWorks/dependencies/install/lib/cmake/ITK-5.0/Modules/ITKOpenJPEG.cmake">
			<Option virtualFolder="CMake Files\dependencies\install\lib\cmake\ITK-5.0\Modules\"/>
		</Unit>
		<Unit filename="/home/hxu/Documents/ShapeWorks/dependencies/install/lib/cmake/ITK-5.0/Modules/ITKOptimizers.cmake">
			<Option virtualFolder="CMake Files\dependencies\install\lib\cmake\ITK-5.0\Modules\"/>
		</Unit>
		<Unit filename="/home/hxu/Documents/ShapeWorks/dependencies/install/lib/cmake/ITK-5.0/Modules/ITKOptimizersv4.cmake">
			<Option virtualFolder="CMake Files\dependencies\install\lib\cmake\ITK-5.0\Modules\"/>
		</Unit>
		<Unit filename="/home/hxu/Documents/ShapeWorks/dependencies/install/lib/cmake/ITK-5.0/Modules/ITKPDEDeformableRegistration.cmake">
			<Option virtualFolder="CMake Files\dependencies\install\lib\cmake\ITK-5.0\Modules\"/>
		</Unit>
		<Unit filename="/home/hxu/Documents/ShapeWorks/dependencies/install/lib/cmake/ITK-5.0/Modules/ITKPNG.cmake">
			<Option virtualFolder="CMake Files\dependencies\install\lib\cmake\ITK-5.0\Modules\"/>
		</Unit>
		<Unit filename="/home/hxu/Documents/ShapeWorks/dependencies/install/lib/cmake/ITK-5.0/Modules/ITKPath.cmake">
			<Option virtualFolder="CMake Files\dependencies\install\lib\cmake\ITK-5.0\Modules\"/>
		</Unit>
		<Unit filename="/home/hxu/Documents/ShapeWorks/dependencies/install/lib/cmake/ITK-5.0/Modules/ITKPolynomials.cmake">
			<Option virtualFolder="CMake Files\dependencies\install\lib\cmake\ITK-5.0\Modules\"/>
		</Unit>
		<Unit filename="/home/hxu/Documents/ShapeWorks/dependencies/install/lib/cmake/ITK-5.0/Modules/ITKQuadEdgeMesh.cmake">
			<Option virtualFolder="CMake Files\dependencies\install\lib\cmake\ITK-5.0\Modules\"/>
		</Unit>
		<Unit filename="/home/hxu/Documents/ShapeWorks/dependencies/install/lib/cmake/ITK-5.0/Modules/ITKQuadEdgeMeshFiltering.cmake">
			<Option virtualFolder="CMake Files\dependencies\install\lib\cmake\ITK-5.0\Modules\"/>
		</Unit>
		<Unit filename="/home/hxu/Documents/ShapeWorks/dependencies/install/lib/cmake/ITK-5.0/Modules/ITKRegionGrowing.cmake">
			<Option virtualFolder="CMake Files\dependencies\install\lib\cmake\ITK-5.0\Modules\"/>
		</Unit>
		<Unit filename="/home/hxu/Documents/ShapeWorks/dependencies/install/lib/cmake/ITK-5.0/Modules/ITKRegistrationCommon.cmake">
			<Option virtualFolder="CMake Files\dependencies\install\lib\cmake\ITK-5.0\Modules\"/>
		</Unit>
		<Unit filename="/home/hxu/Documents/ShapeWorks/dependencies/install/lib/cmake/ITK-5.0/Modules/ITKRegistrationMethodsv4.cmake">
			<Option virtualFolder="CMake Files\dependencies\install\lib\cmake\ITK-5.0\Modules\"/>
		</Unit>
		<Unit filename="/home/hxu/Documents/ShapeWorks/dependencies/install/lib/cmake/ITK-5.0/Modules/ITKSignedDistanceFunction.cmake">
			<Option virtualFolder="CMake Files\dependencies\install\lib\cmake\ITK-5.0\Modules\"/>
		</Unit>
		<Unit filename="/home/hxu/Documents/ShapeWorks/dependencies/install/lib/cmake/ITK-5.0/Modules/ITKSmoothing.cmake">
			<Option virtualFolder="CMake Files\dependencies\install\lib\cmake\ITK-5.0\Modules\"/>
		</Unit>
		<Unit filename="/home/hxu/Documents/ShapeWorks/dependencies/install/lib/cmake/ITK-5.0/Modules/ITKSpatialFunction.cmake">
			<Option virtualFolder="CMake Files\dependencies\install\lib\cmake\ITK-5.0\Modules\"/>
		</Unit>
		<Unit filename="/home/hxu/Documents/ShapeWorks/dependencies/install/lib/cmake/ITK-5.0/Modules/ITKSpatialObjects.cmake">
			<Option virtualFolder="CMake Files\dependencies\install\lib\cmake\ITK-5.0\Modules\"/>
		</Unit>
		<Unit filename="/home/hxu/Documents/ShapeWorks/dependencies/install/lib/cmake/ITK-5.0/Modules/ITKStatistics.cmake">
			<Option virtualFolder="CMake Files\dependencies\install\lib\cmake\ITK-5.0\Modules\"/>
		</Unit>
		<Unit filename="/home/hxu/Documents/ShapeWorks/dependencies/install/lib/cmake/ITK-5.0/Modules/ITKSuperPixel.cmake">
			<Option virtualFolder="CMake Files\dependencies\install\lib\cmake\ITK-5.0\Modules\"/>
		</Unit>
		<Unit filename="/home/hxu/Documents/ShapeWorks/dependencies/install/lib/cmake/ITK-5.0/Modules/ITKTIFF.cmake">
			<Option virtualFolder="CMake Files\dependencies\install\lib\cmake\ITK-5.0\Modules\"/>
		</Unit>
		<Unit filename="/home/hxu/Documents/ShapeWorks/dependencies/install/lib/cmake/ITK-5.0/Modules/ITKTestKernel.cmake">
			<Option virtualFolder="CMake Files\dependencies\install\lib\cmake\ITK-5.0\Modules\"/>
		</Unit>
		<Unit filename="/home/hxu/Documents/ShapeWorks/dependencies/install/lib/cmake/ITK-5.0/Modules/ITKThresholding.cmake">
			<Option virtualFolder="CMake Files\dependencies\install\lib\cmake\ITK-5.0\Modules\"/>
		</Unit>
		<Unit filename="/home/hxu/Documents/ShapeWorks/dependencies/install/lib/cmake/ITK-5.0/Modules/ITKTransform.cmake">
			<Option virtualFolder="CMake Files\dependencies\install\lib\cmake\ITK-5.0\Modules\"/>
		</Unit>
		<Unit filename="/home/hxu/Documents/ShapeWorks/dependencies/install/lib/cmake/ITK-5.0/Modules/ITKTransformFactory.cmake">
			<Option virtualFolder="CMake Files\dependencies\install\lib\cmake\ITK-5.0\Modules\"/>
		</Unit>
		<Unit filename="/home/hxu/Documents/ShapeWorks/dependencies/install/lib/cmake/ITK-5.0/Modules/ITKVNL.cmake">
			<Option virtualFolder="CMake Files\dependencies\install\lib\cmake\ITK-5.0\Modules\"/>
		</Unit>
		<Unit filename="/home/hxu/Documents/ShapeWorks/dependencies/install/lib/cmake/ITK-5.0/Modules/ITKVNLInstantiation.cmake">
			<Option virtualFolder="CMake Files\dependencies\install\lib\cmake\ITK-5.0\Modules\"/>
		</Unit>
		<Unit filename="/home/hxu/Documents/ShapeWorks/dependencies/install/lib/cmake/ITK-5.0/Modules/ITKVTK.cmake">
			<Option virtualFolder="CMake Files\dependencies\install\lib\cmake\ITK-5.0\Modules\"/>
		</Unit>
		<Unit filename="/home/hxu/Documents/ShapeWorks/dependencies/install/lib/cmake/ITK-5.0/Modules/ITKVideoCore.cmake">
			<Option virtualFolder="CMake Files\dependencies\install\lib\cmake\ITK-5.0\Modules\"/>
		</Unit>
		<Unit filename="/home/hxu/Documents/ShapeWorks/dependencies/install/lib/cmake/ITK-5.0/Modules/ITKVideoFiltering.cmake">
			<Option virtualFolder="CMake Files\dependencies\install\lib\cmake\ITK-5.0\Modules\"/>
		</Unit>
		<Unit filename="/home/hxu/Documents/ShapeWorks/dependencies/install/lib/cmake/ITK-5.0/Modules/ITKVideoIO.cmake">
			<Option virtualFolder="CMake Files\dependencies\install\lib\cmake\ITK-5.0\Modules\"/>
		</Unit>
		<Unit filename="/home/hxu/Documents/ShapeWorks/dependencies/install/lib/cmake/ITK-5.0/Modules/ITKVoronoi.cmake">
			<Option virtualFolder="CMake Files\dependencies\install\lib\cmake\ITK-5.0\Modules\"/>
		</Unit>
		<Unit filename="/home/hxu/Documents/ShapeWorks/dependencies/install/lib/cmake/ITK-5.0/Modules/ITKVtkGlue.cmake">
			<Option virtualFolder="CMake Files\dependencies\install\lib\cmake\ITK-5.0\Modules\"/>
		</Unit>
		<Unit filename="/home/hxu/Documents/ShapeWorks/dependencies/install/lib/cmake/ITK-5.0/Modules/ITKWatersheds.cmake">
			<Option virtualFolder="CMake Files\dependencies\install\lib\cmake\ITK-5.0\Modules\"/>
		</Unit>
		<Unit filename="/home/hxu/Documents/ShapeWorks/dependencies/install/lib/cmake/ITK-5.0/Modules/ITKZLIB.cmake">
			<Option virtualFolder="CMake Files\dependencies\install\lib\cmake\ITK-5.0\Modules\"/>
		</Unit>
		<Unit filename="/home/hxu/Documents/ShapeWorks/dependencies/install/share/vxl/cmake/UseVXL.cmake">
			<Option virtualFolder="CMake Files\dependencies\install\share\vxl\cmake\"/>
		</Unit>
		<Unit filename="/home/hxu/Documents/ShapeWorks/dependencies/install/share/vxl/cmake/VXLConfig.cmake">
			<Option virtualFolder="CMake Files\dependencies\install\share\vxl\cmake\"/>
		</Unit>
		<Unit filename="/home/hxu/Documents/ShapeWorks/dependencies/install/share/vxl/cmake/VXLConfigVersion.cmake">
			<Option virtualFolder="CMake Files\dependencies\install\share\vxl\cmake\"/>
		</Unit>
		<Unit filename="/home/hxu/Documents/ShapeWorks/dependencies/install/share/vxl/cmake/VXLTargets-release.cmake">
			<Option virtualFolder="CMake Files\dependencies\install\share\vxl\cmake\"/>
		</Unit>
		<Unit filename="/home/hxu/Documents/ShapeWorks/dependencies/install/share/vxl/cmake/VXLTargets.cmake">
			<Option virtualFolder="CMake Files\dependencies\install\share\vxl\cmake\"/>
		</Unit>
		<Unit filename="/home/hxu/Documents/ShapeWorks/dependencies/build/eigen/build/Eigen3Config.cmake">
			<Option virtualFolder="CMake Files\dependencies\build\eigen\build\"/>
		</Unit>
		<Unit filename="/home/hxu/Documents/ShapeWorks/dependencies/build/eigen/build/Eigen3ConfigVersion.cmake">
			<Option virtualFolder="CMake Files\dependencies\build\eigen\build\"/>
		</Unit>
		<Unit filename="/home/hxu/Documents/ShapeWorks/dependencies/build/eigen/build/Eigen3Targets.cmake">
			<Option virtualFolder="CMake Files\dependencies\build\eigen\build\"/>
		</Unit>
		<Unit filename="/home/hxu/Documents/ShapeWorks/../../Software/Qt5.9.9/5.9.9/gcc_64/lib/cmake/Qt5/Qt5Config.cmake">
			<Option virtualFolder="CMake Files\..\..\Software\Qt5.9.9\5.9.9\gcc_64\lib\cmake\Qt5\"/>
		</Unit>
		<Unit filename="/home/hxu/Documents/ShapeWorks/../../Software/Qt5.9.9/5.9.9/gcc_64/lib/cmake/Qt5/Qt5ConfigVersion.cmake">
			<Option virtualFolder="CMake Files\..\..\Software\Qt5.9.9\5.9.9\gcc_64\lib\cmake\Qt5\"/>
		</Unit>
		<Unit filename="/home/hxu/Documents/ShapeWorks/../../Software/Qt5.9.9/5.9.9/gcc_64/lib/cmake/Qt5/Qt5ModuleLocation.cmake">
			<Option virtualFolder="CMake Files\..\..\Software\Qt5.9.9\5.9.9\gcc_64\lib\cmake\Qt5\"/>
		</Unit>
		<Unit filename="/home/hxu/Documents/ShapeWorks/../../Software/Qt5.9.9/5.9.9/gcc_64/lib/cmake/Qt5Widgets/Qt5WidgetsConfig.cmake">
			<Option virtualFolder="CMake Files\..\..\Software\Qt5.9.9\5.9.9\gcc_64\lib\cmake\Qt5Widgets\"/>
		</Unit>
		<Unit filename="/home/hxu/Documents/ShapeWorks/../../Software/Qt5.9.9/5.9.9/gcc_64/lib/cmake/Qt5Widgets/Qt5WidgetsConfigExtras.cmake">
			<Option virtualFolder="CMake Files\..\..\Software\Qt5.9.9\5.9.9\gcc_64\lib\cmake\Qt5Widgets\"/>
		</Unit>
		<Unit filename="/home/hxu/Documents/ShapeWorks/../../Software/Qt5.9.9/5.9.9/gcc_64/lib/cmake/Qt5Widgets/Qt5WidgetsConfigVersion.cmake">
			<Option virtualFolder="CMake Files\..\..\Software\Qt5.9.9\5.9.9\gcc_64\lib\cmake\Qt5Widgets\"/>
		</Unit>
		<Unit filename="/home/hxu/Documents/ShapeWorks/../../Software/Qt5.9.9/5.9.9/gcc_64/lib/cmake/Qt5Widgets/Qt5WidgetsMacros.cmake">
			<Option virtualFolder="CMake Files\..\..\Software\Qt5.9.9\5.9.9\gcc_64\lib\cmake\Qt5Widgets\"/>
		</Unit>
		<Unit filename="/home/hxu/Documents/ShapeWorks/../../Software/Qt5.9.9/5.9.9/gcc_64/lib/cmake/Qt5Gui/Qt5GuiConfig.cmake">
			<Option virtualFolder="CMake Files\..\..\Software\Qt5.9.9\5.9.9\gcc_64\lib\cmake\Qt5Gui\"/>
		</Unit>
		<Unit filename="/home/hxu/Documents/ShapeWorks/../../Software/Qt5.9.9/5.9.9/gcc_64/lib/cmake/Qt5Gui/Qt5GuiConfigExtras.cmake">
			<Option virtualFolder="CMake Files\..\..\Software\Qt5.9.9\5.9.9\gcc_64\lib\cmake\Qt5Gui\"/>
		</Unit>
		<Unit filename="/home/hxu/Documents/ShapeWorks/../../Software/Qt5.9.9/5.9.9/gcc_64/lib/cmake/Qt5Gui/Qt5GuiConfigVersion.cmake">
			<Option virtualFolder="CMake Files\..\..\Software\Qt5.9.9\5.9.9\gcc_64\lib\cmake\Qt5Gui\"/>
		</Unit>
		<Unit filename="/home/hxu/Documents/ShapeWorks/../../Software/Qt5.9.9/5.9.9/gcc_64/lib/cmake/Qt5Gui/Qt5Gui_QComposePlatformInputContextPlugin.cmake">
			<Option virtualFolder="CMake Files\..\..\Software\Qt5.9.9\5.9.9\gcc_64\lib\cmake\Qt5Gui\"/>
		</Unit>
		<Unit filename="/home/hxu/Documents/ShapeWorks/../../Software/Qt5.9.9/5.9.9/gcc_64/lib/cmake/Qt5Gui/Qt5Gui_QEglFSEmulatorIntegrationPlugin.cmake">
			<Option virtualFolder="CMake Files\..\..\Software\Qt5.9.9\5.9.9\gcc_64\lib\cmake\Qt5Gui\"/>
		</Unit>
		<Unit filename="/home/hxu/Documents/ShapeWorks/../../Software/Qt5.9.9/5.9.9/gcc_64/lib/cmake/Qt5Gui/Qt5Gui_QEglFSIntegrationPlugin.cmake">
			<Option virtualFolder="CMake Files\..\..\Software\Qt5.9.9\5.9.9\gcc_64\lib\cmake\Qt5Gui\"/>
		</Unit>
		<Unit filename="/home/hxu/Documents/ShapeWorks/../../Software/Qt5.9.9/5.9.9/gcc_64/lib/cmake/Qt5Gui/Qt5Gui_QEglFSKmsEglDeviceIntegrationPlugin.cmake">
			<Option virtualFolder="CMake Files\..\..\Software\Qt5.9.9\5.9.9\gcc_64\lib\cmake\Qt5Gui\"/>
		</Unit>
		<Unit filename="/home/hxu/Documents/ShapeWorks/../../Software/Qt5.9.9/5.9.9/gcc_64/lib/cmake/Qt5Gui/Qt5Gui_QEglFSX11IntegrationPlugin.cmake">
			<Option virtualFolder="CMake Files\..\..\Software\Qt5.9.9\5.9.9\gcc_64\lib\cmake\Qt5Gui\"/>
		</Unit>
		<Unit filename="/home/hxu/Documents/ShapeWorks/../../Software/Qt5.9.9/5.9.9/gcc_64/lib/cmake/Qt5Gui/Qt5Gui_QEvdevKeyboardPlugin.cmake">
			<Option virtualFolder="CMake Files\..\..\Software\Qt5.9.9\5.9.9\gcc_64\lib\cmake\Qt5Gui\"/>
		</Unit>
		<Unit filename="/home/hxu/Documents/ShapeWorks/../../Software/Qt5.9.9/5.9.9/gcc_64/lib/cmake/Qt5Gui/Qt5Gui_QEvdevMousePlugin.cmake">
			<Option virtualFolder="CMake Files\..\..\Software\Qt5.9.9\5.9.9\gcc_64\lib\cmake\Qt5Gui\"/>
		</Unit>
		<Unit filename="/home/hxu/Documents/ShapeWorks/../../Software/Qt5.9.9/5.9.9/gcc_64/lib/cmake/Qt5Gui/Qt5Gui_QEvdevTabletPlugin.cmake">
			<Option virtualFolder="CMake Files\..\..\Software\Qt5.9.9\5.9.9\gcc_64\lib\cmake\Qt5Gui\"/>
		</Unit>
		<Unit filename="/home/hxu/Documents/ShapeWorks/../../Software/Qt5.9.9/5.9.9/gcc_64/lib/cmake/Qt5Gui/Qt5Gui_QEvdevTouchScreenPlugin.cmake">
			<Option virtualFolder="CMake Files\..\..\Software\Qt5.9.9\5.9.9\gcc_64\lib\cmake\Qt5Gui\"/>
		</Unit>
		<Unit filename="/home/hxu/Documents/ShapeWorks/../../Software/Qt5.9.9/5.9.9/gcc_64/lib/cmake/Qt5Gui/Qt5Gui_QGifPlugin.cmake">
			<Option virtualFolder="CMake Files\..\..\Software\Qt5.9.9\5.9.9\gcc_64\lib\cmake\Qt5Gui\"/>
		</Unit>
		<Unit filename="/home/hxu/Documents/ShapeWorks/../../Software/Qt5.9.9/5.9.9/gcc_64/lib/cmake/Qt5Gui/Qt5Gui_QGtk3ThemePlugin.cmake">
			<Option virtualFolder="CMake Files\..\..\Software\Qt5.9.9\5.9.9\gcc_64\lib\cmake\Qt5Gui\"/>
		</Unit>
		<Unit filename="/home/hxu/Documents/ShapeWorks/../../Software/Qt5.9.9/5.9.9/gcc_64/lib/cmake/Qt5Gui/Qt5Gui_QICNSPlugin.cmake">
			<Option virtualFolder="CMake Files\..\..\Software\Qt5.9.9\5.9.9\gcc_64\lib\cmake\Qt5Gui\"/>
		</Unit>
		<Unit filename="/home/hxu/Documents/ShapeWorks/../../Software/Qt5.9.9/5.9.9/gcc_64/lib/cmake/Qt5Gui/Qt5Gui_QICOPlugin.cmake">
			<Option virtualFolder="CMake Files\..\..\Software\Qt5.9.9\5.9.9\gcc_64\lib\cmake\Qt5Gui\"/>
		</Unit>
		<Unit filename="/home/hxu/Documents/ShapeWorks/../../Software/Qt5.9.9/5.9.9/gcc_64/lib/cmake/Qt5Gui/Qt5Gui_QIbusPlatformInputContextPlugin.cmake">
			<Option virtualFolder="CMake Files\..\..\Software\Qt5.9.9\5.9.9\gcc_64\lib\cmake\Qt5Gui\"/>
		</Unit>
		<Unit filename="/home/hxu/Documents/ShapeWorks/../../Software/Qt5.9.9/5.9.9/gcc_64/lib/cmake/Qt5Gui/Qt5Gui_QJpegPlugin.cmake">
			<Option virtualFolder="CMake Files\..\..\Software\Qt5.9.9\5.9.9\gcc_64\lib\cmake\Qt5Gui\"/>
		</Unit>
		<Unit filename="/home/hxu/Documents/ShapeWorks/../../Software/Qt5.9.9/5.9.9/gcc_64/lib/cmake/Qt5Gui/Qt5Gui_QLinuxFbIntegrationPlugin.cmake">
			<Option virtualFolder="CMake Files\..\..\Software\Qt5.9.9\5.9.9\gcc_64\lib\cmake\Qt5Gui\"/>
		</Unit>
		<Unit filename="/home/hxu/Documents/ShapeWorks/../../Software/Qt5.9.9/5.9.9/gcc_64/lib/cmake/Qt5Gui/Qt5Gui_QMinimalEglIntegrationPlugin.cmake">
			<Option virtualFolder="CMake Files\..\..\Software\Qt5.9.9\5.9.9\gcc_64\lib\cmake\Qt5Gui\"/>
		</Unit>
		<Unit filename="/home/hxu/Documents/ShapeWorks/../../Software/Qt5.9.9/5.9.9/gcc_64/lib/cmake/Qt5Gui/Qt5Gui_QMinimalIntegrationPlugin.cmake">
			<Option virtualFolder="CMake Files\..\..\Software\Qt5.9.9\5.9.9\gcc_64\lib\cmake\Qt5Gui\"/>
		</Unit>
		<Unit filename="/home/hxu/Documents/ShapeWorks/../../Software/Qt5.9.9/5.9.9/gcc_64/lib/cmake/Qt5Gui/Qt5Gui_QOffscreenIntegrationPlugin.cmake">
			<Option virtualFolder="CMake Files\..\..\Software\Qt5.9.9\5.9.9\gcc_64\lib\cmake\Qt5Gui\"/>
		</Unit>
		<Unit filename="/home/hxu/Documents/ShapeWorks/../../Software/Qt5.9.9/5.9.9/gcc_64/lib/cmake/Qt5Gui/Qt5Gui_QTgaPlugin.cmake">
			<Option virtualFolder="CMake Files\..\..\Software\Qt5.9.9\5.9.9\gcc_64\lib\cmake\Qt5Gui\"/>
		</Unit>
		<Unit filename="/home/hxu/Documents/ShapeWorks/../../Software/Qt5.9.9/5.9.9/gcc_64/lib/cmake/Qt5Gui/Qt5Gui_QTiffPlugin.cmake">
			<Option virtualFolder="CMake Files\..\..\Software\Qt5.9.9\5.9.9\gcc_64\lib\cmake\Qt5Gui\"/>
		</Unit>
		<Unit filename="/home/hxu/Documents/ShapeWorks/../../Software/Qt5.9.9/5.9.9/gcc_64/lib/cmake/Qt5Gui/Qt5Gui_QTuioTouchPlugin.cmake">
			<Option virtualFolder="CMake Files\..\..\Software\Qt5.9.9\5.9.9\gcc_64\lib\cmake\Qt5Gui\"/>
		</Unit>
		<Unit filename="/home/hxu/Documents/ShapeWorks/../../Software/Qt5.9.9/5.9.9/gcc_64/lib/cmake/Qt5Gui/Qt5Gui_QVirtualKeyboardPlugin.cmake">
			<Option virtualFolder="CMake Files\..\..\Software\Qt5.9.9\5.9.9\gcc_64\lib\cmake\Qt5Gui\"/>
		</Unit>
		<Unit filename="/home/hxu/Documents/ShapeWorks/../../Software/Qt5.9.9/5.9.9/gcc_64/lib/cmake/Qt5Gui/Qt5Gui_QVncIntegrationPlugin.cmake">
			<Option virtualFolder="CMake Files\..\..\Software\Qt5.9.9\5.9.9\gcc_64\lib\cmake\Qt5Gui\"/>
		</Unit>
		<Unit filename="/home/hxu/Documents/ShapeWorks/../../Software/Qt5.9.9/5.9.9/gcc_64/lib/cmake/Qt5Gui/Qt5Gui_QWbmpPlugin.cmake">
			<Option virtualFolder="CMake Files\..\..\Software\Qt5.9.9\5.9.9\gcc_64\lib\cmake\Qt5Gui\"/>
		</Unit>
		<Unit filename="/home/hxu/Documents/ShapeWorks/../../Software/Qt5.9.9/5.9.9/gcc_64/lib/cmake/Qt5Gui/Qt5Gui_QWebpPlugin.cmake">
			<Option virtualFolder="CMake Files\..\..\Software\Qt5.9.9\5.9.9\gcc_64\lib\cmake\Qt5Gui\"/>
		</Unit>
		<Unit filename="/home/hxu/Documents/ShapeWorks/../../Software/Qt5.9.9/5.9.9/gcc_64/lib/cmake/Qt5Gui/Qt5Gui_QXcbEglIntegrationPlugin.cmake">
			<Option virtualFolder="CMake Files\..\..\Software\Qt5.9.9\5.9.9\gcc_64\lib\cmake\Qt5Gui\"/>
		</Unit>
		<Unit filename="/home/hxu/Documents/ShapeWorks/../../Software/Qt5.9.9/5.9.9/gcc_64/lib/cmake/Qt5Gui/Qt5Gui_QXcbGlxIntegrationPlugin.cmake">
			<Option virtualFolder="CMake Files\..\..\Software\Qt5.9.9\5.9.9\gcc_64\lib\cmake\Qt5Gui\"/>
		</Unit>
		<Unit filename="/home/hxu/Documents/ShapeWorks/../../Software/Qt5.9.9/5.9.9/gcc_64/lib/cmake/Qt5Gui/Qt5Gui_QXcbIntegrationPlugin.cmake">
			<Option virtualFolder="CMake Files\..\..\Software\Qt5.9.9\5.9.9\gcc_64\lib\cmake\Qt5Gui\"/>
		</Unit>
		<Unit filename="/home/hxu/Documents/ShapeWorks/../../Software/Qt5.9.9/5.9.9/gcc_64/lib/cmake/Qt5Core/Qt5CoreConfig.cmake">
			<Option virtualFolder="CMake Files\..\..\Software\Qt5.9.9\5.9.9\gcc_64\lib\cmake\Qt5Core\"/>
		</Unit>
		<Unit filename="/home/hxu/Documents/ShapeWorks/../../Software/Qt5.9.9/5.9.9/gcc_64/lib/cmake/Qt5Core/Qt5CoreConfigExtras.cmake">
			<Option virtualFolder="CMake Files\..\..\Software\Qt5.9.9\5.9.9\gcc_64\lib\cmake\Qt5Core\"/>
		</Unit>
		<Unit filename="/home/hxu/Documents/ShapeWorks/../../Software/Qt5.9.9/5.9.9/gcc_64/lib/cmake/Qt5Core/Qt5CoreConfigExtrasMkspecDir.cmake">
			<Option virtualFolder="CMake Files\..\..\Software\Qt5.9.9\5.9.9\gcc_64\lib\cmake\Qt5Core\"/>
		</Unit>
		<Unit filename="/home/hxu/Documents/ShapeWorks/../../Software/Qt5.9.9/5.9.9/gcc_64/lib/cmake/Qt5Core/Qt5CoreConfigVersion.cmake">
			<Option virtualFolder="CMake Files\..\..\Software\Qt5.9.9\5.9.9\gcc_64\lib\cmake\Qt5Core\"/>
		</Unit>
		<Unit filename="/home/hxu/Documents/ShapeWorks/../../Software/Qt5.9.9/5.9.9/gcc_64/lib/cmake/Qt5Core/Qt5CoreMacros.cmake">
			<Option virtualFolder="CMake Files\..\..\Software\Qt5.9.9\5.9.9\gcc_64\lib\cmake\Qt5Core\"/>
		</Unit>
		<Unit filename="/home/hxu/Documents/ShapeWorks/../../Software/Qt5.9.9/5.9.9/gcc_64/lib/cmake/Qt5Sql/Qt5SqlConfig.cmake">
			<Option virtualFolder="CMake Files\..\..\Software\Qt5.9.9\5.9.9\gcc_64\lib\cmake\Qt5Sql\"/>
		</Unit>
		<Unit filename="/home/hxu/Documents/ShapeWorks/../../Software/Qt5.9.9/5.9.9/gcc_64/lib/cmake/Qt5Sql/Qt5SqlConfigVersion.cmake">
			<Option virtualFolder="CMake Files\..\..\Software\Qt5.9.9\5.9.9\gcc_64\lib\cmake\Qt5Sql\"/>
		</Unit>
		<Unit filename="/home/hxu/Documents/ShapeWorks/../../Software/Qt5.9.9/5.9.9/gcc_64/lib/cmake/Qt5Sql/Qt5Sql_QMYSQLDriverPlugin.cmake">
			<Option virtualFolder="CMake Files\..\..\Software\Qt5.9.9\5.9.9\gcc_64\lib\cmake\Qt5Sql\"/>
		</Unit>
		<Unit filename="/home/hxu/Documents/ShapeWorks/../../Software/Qt5.9.9/5.9.9/gcc_64/lib/cmake/Qt5Sql/Qt5Sql_QPSQLDriverPlugin.cmake">
			<Option virtualFolder="CMake Files\..\..\Software\Qt5.9.9\5.9.9\gcc_64\lib\cmake\Qt5Sql\"/>
		</Unit>
		<Unit filename="/home/hxu/Documents/ShapeWorks/../../Software/Qt5.9.9/5.9.9/gcc_64/lib/cmake/Qt5Sql/Qt5Sql_QSQLiteDriverPlugin.cmake">
			<Option virtualFolder="CMake Files\..\..\Software\Qt5.9.9\5.9.9\gcc_64\lib\cmake\Qt5Sql\"/>
		</Unit>
		<Unit filename="/home/hxu/Documents/ShapeWorks/ExternalLibs/CMakeLists.txt">
			<Option virtualFolder="CMake Files\ExternalLibs\"/>
		</Unit>
		<Unit filename="/home/hxu/Documents/ShapeWorks/ExternalLibs/tinyxml/CMakeLists.txt">
			<Option virtualFolder="CMake Files\ExternalLibs\tinyxml\"/>
		</Unit>
		<Unit filename="/home/hxu/Documents/ShapeWorks/ExternalLibs/trimesh2/CMakeLists.txt">
			<Option virtualFolder="CMake Files\ExternalLibs\trimesh2\"/>
		</Unit>
		<Unit filename="/home/hxu/Documents/ShapeWorks/Applications/CMakeLists.txt">
			<Option virtualFolder="CMake Files\Applications\"/>
		</Unit>
		<Unit filename="/home/hxu/Documents/ShapeWorks/Applications/shapeworks/CMakeLists.txt">
			<Option virtualFolder="CMake Files\Applications\shapeworks\"/>
		</Unit>
		<Unit filename="/home/hxu/Documents/ShapeWorks/Testing/CMakeLists.txt">
			<Option virtualFolder="CMake Files\Testing\"/>
		</Unit>
		<Unit filename="/home/hxu/Documents/ShapeWorks/Testing/TestConfiguration.h.in">
			<Option virtualFolder="CMake Files\Testing\"/>
		</Unit>
		<Unit filename="/home/hxu/Documents/ShapeWorks/Testing/ImageTests/CMakeLists.txt">
			<Option virtualFolder="CMake Files\Testing\ImageTests\"/>
		</Unit>
		<Unit filename="/home/hxu/Documents/ShapeWorks/Testing/MeshTests/CMakeLists.txt">
			<Option virtualFolder="CMake Files\Testing\MeshTests\"/>
		</Unit>
		<Unit filename="/home/hxu/Documents/ShapeWorks/Testing/OptimizeTests/CMakeLists.txt">
			<Option virtualFolder="CMake Files\Testing\OptimizeTests\"/>
		</Unit>
		<Unit filename="/home/hxu/Documents/ShapeWorks/Testing/PythonTests/CMakeLists.txt">
			<Option virtualFolder="CMake Files\Testing\PythonTests\"/>
		</Unit>
		<Unit filename="/home/hxu/Documents/ShapeWorks/Testing/ParticlesTests/CMakeLists.txt">
			<Option virtualFolder="CMake Files\Testing\ParticlesTests\"/>
		</Unit>
		<Unit filename="/home/hxu/Documents/ShapeWorks/Testing/PointCloudTests/CMakeLists.txt">
			<Option virtualFolder="CMake Files\Testing\PointCloudTests\"/>
		</Unit>
	</Project>
</CodeBlocks_project_file>
